<?xml version="1.0" encoding="utf-8"?>
<Project ToolsVersion="15.0" xmlns="http://schemas.microsoft.com/developer/msbuild/2003">
  <ItemGroup>
    <ClCompile Include="D:\projects\Portfolio\dependencies\assimp\code\Assimp.cpp">
      <Filter>Source Files</Filter>
    </ClCompile>
    <ClCompile Include="D:\projects\Portfolio\dependencies\assimp\code\BaseImporter.cpp">
      <Filter>Common</Filter>
    </ClCompile>
    <ClCompile Include="D:\projects\Portfolio\dependencies\assimp\code\BaseProcess.cpp">
      <Filter>Common</Filter>
    </ClCompile>
    <ClCompile Include="D:\projects\Portfolio\dependencies\assimp\code\PostStepRegistry.cpp">
      <Filter>Common</Filter>
    </ClCompile>
    <ClCompile Include="D:\projects\Portfolio\dependencies\assimp\code\ImporterRegistry.cpp">
      <Filter>Common</Filter>
    </ClCompile>
    <ClCompile Include="D:\projects\Portfolio\dependencies\assimp\code\DefaultIOStream.cpp">
      <Filter>Common</Filter>
    </ClCompile>
    <ClCompile Include="D:\projects\Portfolio\dependencies\assimp\code\DefaultIOSystem.cpp">
      <Filter>Common</Filter>
    </ClCompile>
    <ClCompile Include="D:\projects\Portfolio\dependencies\assimp\code\CInterfaceIOWrapper.cpp">
      <Filter>Common</Filter>
    </ClCompile>
    <ClCompile Include="D:\projects\Portfolio\dependencies\assimp\code\Importer.cpp">
      <Filter>Common</Filter>
    </ClCompile>
    <ClCompile Include="D:\projects\Portfolio\dependencies\assimp\code\SGSpatialSort.cpp">
      <Filter>Common</Filter>
    </ClCompile>
    <ClCompile Include="D:\projects\Portfolio\dependencies\assimp\code\VertexTriangleAdjacency.cpp">
      <Filter>Common</Filter>
    </ClCompile>
    <ClCompile Include="D:\projects\Portfolio\dependencies\assimp\code\SpatialSort.cpp">
      <Filter>Common</Filter>
    </ClCompile>
    <ClCompile Include="D:\projects\Portfolio\dependencies\assimp\code\SceneCombiner.cpp">
      <Filter>Common</Filter>
    </ClCompile>
    <ClCompile Include="D:\projects\Portfolio\dependencies\assimp\code\ScenePreprocessor.cpp">
      <Filter>Common</Filter>
    </ClCompile>
    <ClCompile Include="D:\projects\Portfolio\dependencies\assimp\code\SkeletonMeshBuilder.cpp">
      <Filter>Common</Filter>
    </ClCompile>
    <ClCompile Include="D:\projects\Portfolio\dependencies\assimp\code\SplitByBoneCountProcess.cpp">
      <Filter>Common</Filter>
    </ClCompile>
    <ClCompile Include="D:\projects\Portfolio\dependencies\assimp\code\StandardShapes.cpp">
      <Filter>Common</Filter>
    </ClCompile>
    <ClCompile Include="D:\projects\Portfolio\dependencies\assimp\code\TargetAnimation.cpp">
      <Filter>Common</Filter>
    </ClCompile>
    <ClCompile Include="D:\projects\Portfolio\dependencies\assimp\code\RemoveComments.cpp">
      <Filter>Common</Filter>
    </ClCompile>
    <ClCompile Include="D:\projects\Portfolio\dependencies\assimp\code\Subdivision.cpp">
      <Filter>Common</Filter>
    </ClCompile>
    <ClCompile Include="D:\projects\Portfolio\dependencies\assimp\code\scene.cpp">
      <Filter>Common</Filter>
    </ClCompile>
    <ClCompile Include="D:\projects\Portfolio\dependencies\assimp\code\Bitmap.cpp">
      <Filter>Common</Filter>
    </ClCompile>
    <ClCompile Include="D:\projects\Portfolio\dependencies\assimp\code\Version.cpp">
      <Filter>Common</Filter>
    </ClCompile>
    <ClCompile Include="D:\projects\Portfolio\dependencies\assimp\code\CreateAnimMesh.cpp">
      <Filter>Common</Filter>
    </ClCompile>
    <ClCompile Include="D:\projects\Portfolio\dependencies\assimp\code\simd.cpp">
      <Filter>Common</Filter>
    </ClCompile>
    <ClCompile Include="D:\projects\Portfolio\dependencies\assimp\code\DefaultLogger.cpp">
      <Filter>Logging</Filter>
    </ClCompile>
    <ClCompile Include="D:\projects\Portfolio\dependencies\assimp\code\Exporter.cpp">
      <Filter>Exporter</Filter>
    </ClCompile>
    <ClCompile Include="D:\projects\Portfolio\dependencies\assimp\code\AssimpCExport.cpp">
      <Filter>Exporter</Filter>
    </ClCompile>
    <ClCompile Include="D:\projects\Portfolio\dependencies\assimp\code\CalcTangentsProcess.cpp">
      <Filter>PostProcessing</Filter>
    </ClCompile>
    <ClCompile Include="D:\projects\Portfolio\dependencies\assimp\code\ComputeUVMappingProcess.cpp">
      <Filter>PostProcessing</Filter>
    </ClCompile>
    <ClCompile Include="D:\projects\Portfolio\dependencies\assimp\code\ConvertToLHProcess.cpp">
      <Filter>PostProcessing</Filter>
    </ClCompile>
    <ClCompile Include="D:\projects\Portfolio\dependencies\assimp\code\EmbedTexturesProcess.cpp">
      <Filter>PostProcessing</Filter>
    </ClCompile>
    <ClCompile Include="D:\projects\Portfolio\dependencies\assimp\code\FindDegenerates.cpp">
      <Filter>PostProcessing</Filter>
    </ClCompile>
    <ClCompile Include="D:\projects\Portfolio\dependencies\assimp\code\FindInstancesProcess.cpp">
      <Filter>PostProcessing</Filter>
    </ClCompile>
    <ClCompile Include="D:\projects\Portfolio\dependencies\assimp\code\FindInvalidDataProcess.cpp">
      <Filter>PostProcessing</Filter>
    </ClCompile>
    <ClCompile Include="D:\projects\Portfolio\dependencies\assimp\code\FixNormalsStep.cpp">
      <Filter>PostProcessing</Filter>
    </ClCompile>
    <ClCompile Include="D:\projects\Portfolio\dependencies\assimp\code\DropFaceNormalsProcess.cpp">
      <Filter>PostProcessing</Filter>
    </ClCompile>
    <ClCompile Include="D:\projects\Portfolio\dependencies\assimp\code\GenFaceNormalsProcess.cpp">
      <Filter>PostProcessing</Filter>
    </ClCompile>
    <ClCompile Include="D:\projects\Portfolio\dependencies\assimp\code\GenVertexNormalsProcess.cpp">
      <Filter>PostProcessing</Filter>
    </ClCompile>
    <ClCompile Include="D:\projects\Portfolio\dependencies\assimp\code\PretransformVertices.cpp">
      <Filter>PostProcessing</Filter>
    </ClCompile>
    <ClCompile Include="D:\projects\Portfolio\dependencies\assimp\code\ImproveCacheLocality.cpp">
      <Filter>PostProcessing</Filter>
    </ClCompile>
    <ClCompile Include="D:\projects\Portfolio\dependencies\assimp\code\JoinVerticesProcess.cpp">
      <Filter>PostProcessing</Filter>
    </ClCompile>
    <ClCompile Include="D:\projects\Portfolio\dependencies\assimp\code\LimitBoneWeightsProcess.cpp">
      <Filter>PostProcessing</Filter>
    </ClCompile>
    <ClCompile Include="D:\projects\Portfolio\dependencies\assimp\code\RemoveRedundantMaterials.cpp">
      <Filter>PostProcessing</Filter>
    </ClCompile>
    <ClCompile Include="D:\projects\Portfolio\dependencies\assimp\code\RemoveVCProcess.cpp">
      <Filter>PostProcessing</Filter>
    </ClCompile>
    <ClCompile Include="D:\projects\Portfolio\dependencies\assimp\code\SortByPTypeProcess.cpp">
      <Filter>PostProcessing</Filter>
    </ClCompile>
    <ClCompile Include="D:\projects\Portfolio\dependencies\assimp\code\SplitLargeMeshes.cpp">
      <Filter>PostProcessing</Filter>
    </ClCompile>
    <ClCompile Include="D:\projects\Portfolio\dependencies\assimp\code\TextureTransform.cpp">
      <Filter>PostProcessing</Filter>
    </ClCompile>
    <ClCompile Include="D:\projects\Portfolio\dependencies\assimp\code\TriangulateProcess.cpp">
      <Filter>PostProcessing</Filter>
    </ClCompile>
    <ClCompile Include="D:\projects\Portfolio\dependencies\assimp\code\ValidateDataStructure.cpp">
      <Filter>PostProcessing</Filter>
    </ClCompile>
    <ClCompile Include="D:\projects\Portfolio\dependencies\assimp\code\OptimizeGraph.cpp">
      <Filter>PostProcessing</Filter>
    </ClCompile>
    <ClCompile Include="D:\projects\Portfolio\dependencies\assimp\code\OptimizeMeshes.cpp">
      <Filter>PostProcessing</Filter>
    </ClCompile>
    <ClCompile Include="D:\projects\Portfolio\dependencies\assimp\code\DeboneProcess.cpp">
      <Filter>PostProcessing</Filter>
    </ClCompile>
    <ClCompile Include="D:\projects\Portfolio\dependencies\assimp\code\ProcessHelper.cpp">
      <Filter>PostProcessing</Filter>
    </ClCompile>
    <ClCompile Include="D:\projects\Portfolio\dependencies\assimp\code\MakeVerboseFormat.cpp">
      <Filter>PostProcessing</Filter>
    </ClCompile>
    <ClCompile Include="D:\projects\Portfolio\dependencies\assimp\code\ScaleProcess.cpp">
      <Filter>PostProcessing</Filter>
    </ClCompile>
    <ClCompile Include="D:\projects\Portfolio\dependencies\assimp\code\MaterialSystem.cpp">
      <Filter>MaterialSystem</Filter>
    </ClCompile>
    <ClCompile Include="D:\projects\Portfolio\dependencies\assimp\code\Importer\STEPParser\STEPFileReader.cpp">
      <Filter>STEPParser</Filter>
    </ClCompile>
    <ClCompile Include="D:\projects\Portfolio\dependencies\assimp\code\Importer\STEPParser\STEPFileEncoding.cpp">
      <Filter>STEPParser</Filter>
    </ClCompile>
    <ClCompile Include="D:\projects\Portfolio\dependencies\assimp\code\AMFImporter.cpp">
      <Filter>AMF</Filter>
    </ClCompile>
    <ClCompile Include="D:\projects\Portfolio\dependencies\assimp\code\AMFImporter_Geometry.cpp">
      <Filter>AMF</Filter>
    </ClCompile>
    <ClCompile Include="D:\projects\Portfolio\dependencies\assimp\code\AMFImporter_Material.cpp">
      <Filter>AMF</Filter>
    </ClCompile>
    <ClCompile Include="D:\projects\Portfolio\dependencies\assimp\code\AMFImporter_Postprocess.cpp">
      <Filter>AMF</Filter>
    </ClCompile>
    <ClCompile Include="D:\projects\Portfolio\dependencies\assimp\code\3DSConverter.cpp">
      <Filter>3DS</Filter>
    </ClCompile>
    <ClCompile Include="D:\projects\Portfolio\dependencies\assimp\code\3DSLoader.cpp">
      <Filter>3DS</Filter>
    </ClCompile>
    <ClCompile Include="D:\projects\Portfolio\dependencies\assimp\code\3DSExporter.cpp">
      <Filter>3DS</Filter>
    </ClCompile>
    <ClCompile Include="D:\projects\Portfolio\dependencies\assimp\code\ACLoader.cpp">
      <Filter>AC</Filter>
    </ClCompile>
    <ClCompile Include="D:\projects\Portfolio\dependencies\assimp\code\ASELoader.cpp">
      <Filter>ASE</Filter>
    </ClCompile>
    <ClCompile Include="D:\projects\Portfolio\dependencies\assimp\code\ASEParser.cpp">
      <Filter>ASE</Filter>
    </ClCompile>
    <ClCompile Include="D:\projects\Portfolio\dependencies\assimp\code\AssbinExporter.cpp">
      <Filter>ASSBIN</Filter>
    </ClCompile>
    <ClCompile Include="D:\projects\Portfolio\dependencies\assimp\code\AssbinLoader.cpp">
      <Filter>ASSBIN</Filter>
    </ClCompile>
    <ClCompile Include="D:\projects\Portfolio\dependencies\assimp\code\AssxmlExporter.cpp">
      <Filter>ASSXML</Filter>
    </ClCompile>
    <ClCompile Include="D:\projects\Portfolio\dependencies\assimp\code\B3DImporter.cpp">
      <Filter>B3D</Filter>
    </ClCompile>
    <ClCompile Include="D:\projects\Portfolio\dependencies\assimp\code\BVHLoader.cpp">
      <Filter>BVH</Filter>
    </ClCompile>
    <ClCompile Include="D:\projects\Portfolio\dependencies\assimp\code\ColladaLoader.cpp">
      <Filter>COLLADA</Filter>
    </ClCompile>
    <ClCompile Include="D:\projects\Portfolio\dependencies\assimp\code\ColladaParser.cpp">
      <Filter>COLLADA</Filter>
    </ClCompile>
    <ClCompile Include="D:\projects\Portfolio\dependencies\assimp\code\ColladaExporter.cpp">
      <Filter>COLLADA</Filter>
    </ClCompile>
    <ClCompile Include="D:\projects\Portfolio\dependencies\assimp\code\DXFLoader.cpp">
      <Filter>DXF</Filter>
    </ClCompile>
    <ClCompile Include="D:\projects\Portfolio\dependencies\assimp\code\CSMLoader.cpp">
      <Filter>CSM</Filter>
    </ClCompile>
    <ClCompile Include="D:\projects\Portfolio\dependencies\assimp\code\HMPLoader.cpp">
      <Filter>HMP</Filter>
    </ClCompile>
    <ClCompile Include="D:\projects\Portfolio\dependencies\assimp\code\IRRMeshLoader.cpp">
      <Filter>IRRMESH</Filter>
    </ClCompile>
    <ClCompile Include="D:\projects\Portfolio\dependencies\assimp\code\IRRShared.cpp">
      <Filter>IRR</Filter>
    </ClCompile>
    <ClCompile Include="D:\projects\Portfolio\dependencies\assimp\code\IRRLoader.cpp">
      <Filter>IRR</Filter>
    </ClCompile>
    <ClCompile Include="D:\projects\Portfolio\dependencies\assimp\code\LWOAnimation.cpp">
      <Filter>LWO</Filter>
    </ClCompile>
    <ClCompile Include="D:\projects\Portfolio\dependencies\assimp\code\LWOBLoader.cpp">
      <Filter>LWO</Filter>
    </ClCompile>
    <ClCompile Include="D:\projects\Portfolio\dependencies\assimp\code\LWOLoader.cpp">
      <Filter>LWO</Filter>
    </ClCompile>
    <ClCompile Include="D:\projects\Portfolio\dependencies\assimp\code\LWOMaterial.cpp">
      <Filter>LWO</Filter>
    </ClCompile>
    <ClCompile Include="D:\projects\Portfolio\dependencies\assimp\code\LWSLoader.cpp">
      <Filter>LWS</Filter>
    </ClCompile>
    <ClCompile Include="D:\projects\Portfolio\dependencies\assimp\code\MD2Loader.cpp">
      <Filter>MD2</Filter>
    </ClCompile>
    <ClCompile Include="D:\projects\Portfolio\dependencies\assimp\code\MD3Loader.cpp">
      <Filter>MD3</Filter>
    </ClCompile>
    <ClCompile Include="D:\projects\Portfolio\dependencies\assimp\code\MD5Loader.cpp">
      <Filter>MD5</Filter>
    </ClCompile>
    <ClCompile Include="D:\projects\Portfolio\dependencies\assimp\code\MD5Parser.cpp">
      <Filter>MD5</Filter>
    </ClCompile>
    <ClCompile Include="D:\projects\Portfolio\dependencies\assimp\code\MDCLoader.cpp">
      <Filter>MDC</Filter>
    </ClCompile>
    <ClCompile Include="D:\projects\Portfolio\dependencies\assimp\code\MDLLoader.cpp">
      <Filter>MDL</Filter>
    </ClCompile>
    <ClCompile Include="D:\projects\Portfolio\dependencies\assimp\code\MDLMaterialLoader.cpp">
      <Filter>MDL</Filter>
    </ClCompile>
    <ClCompile Include="D:\projects\Portfolio\dependencies\assimp\code\NFFLoader.cpp">
      <Filter>NFF</Filter>
    </ClCompile>
    <ClCompile Include="D:\projects\Portfolio\dependencies\assimp\code\NDOLoader.cpp">
      <Filter>NDO</Filter>
    </ClCompile>
    <ClCompile Include="D:\projects\Portfolio\dependencies\assimp\code\OFFLoader.cpp">
      <Filter>OFF</Filter>
    </ClCompile>
    <ClCompile Include="D:\projects\Portfolio\dependencies\assimp\code\ObjFileImporter.cpp">
      <Filter>OBJ</Filter>
    </ClCompile>
    <ClCompile Include="D:\projects\Portfolio\dependencies\assimp\code\ObjFileMtlImporter.cpp">
      <Filter>OBJ</Filter>
    </ClCompile>
    <ClCompile Include="D:\projects\Portfolio\dependencies\assimp\code\ObjFileParser.cpp">
      <Filter>OBJ</Filter>
    </ClCompile>
    <ClCompile Include="D:\projects\Portfolio\dependencies\assimp\code\ObjExporter.cpp">
      <Filter>OBJ</Filter>
    </ClCompile>
    <ClCompile Include="D:\projects\Portfolio\dependencies\assimp\code\OgreImporter.cpp">
      <Filter>OGRE</Filter>
    </ClCompile>
    <ClCompile Include="D:\projects\Portfolio\dependencies\assimp\code\OgreStructs.cpp">
      <Filter>OGRE</Filter>
    </ClCompile>
    <ClCompile Include="D:\projects\Portfolio\dependencies\assimp\code\OgreBinarySerializer.cpp">
      <Filter>OGRE</Filter>
    </ClCompile>
    <ClCompile Include="D:\projects\Portfolio\dependencies\assimp\code\OgreXmlSerializer.cpp">
      <Filter>OGRE</Filter>
    </ClCompile>
    <ClCompile Include="D:\projects\Portfolio\dependencies\assimp\code\OgreMaterial.cpp">
      <Filter>OGRE</Filter>
    </ClCompile>
    <ClCompile Include="D:\projects\Portfolio\dependencies\assimp\code\OpenGEXExporter.cpp">
      <Filter>OPENGEX</Filter>
    </ClCompile>
    <ClCompile Include="D:\projects\Portfolio\dependencies\assimp\code\OpenGEXImporter.cpp">
      <Filter>OPENGEX</Filter>
    </ClCompile>
    <ClCompile Include="D:\projects\Portfolio\dependencies\assimp\code\PlyLoader.cpp">
      <Filter>PLY</Filter>
    </ClCompile>
    <ClCompile Include="D:\projects\Portfolio\dependencies\assimp\code\PlyParser.cpp">
      <Filter>PLY</Filter>
    </ClCompile>
    <ClCompile Include="D:\projects\Portfolio\dependencies\assimp\code\PlyExporter.cpp">
      <Filter>PLY</Filter>
    </ClCompile>
    <ClCompile Include="D:\projects\Portfolio\dependencies\assimp\code\MS3DLoader.cpp">
      <Filter>MS3D</Filter>
    </ClCompile>
    <ClCompile Include="D:\projects\Portfolio\dependencies\assimp\code\COBLoader.cpp">
      <Filter>COB</Filter>
    </ClCompile>
    <ClCompile Include="D:\projects\Portfolio\dependencies\assimp\code\BlenderLoader.cpp">
      <Filter>BLEND</Filter>
    </ClCompile>
    <ClCompile Include="D:\projects\Portfolio\dependencies\assimp\code\BlenderDNA.cpp">
      <Filter>BLEND</Filter>
    </ClCompile>
    <ClCompile Include="D:\projects\Portfolio\dependencies\assimp\code\BlenderScene.cpp">
      <Filter>BLEND</Filter>
    </ClCompile>
    <ClCompile Include="D:\projects\Portfolio\dependencies\assimp\code\BlenderModifier.cpp">
      <Filter>BLEND</Filter>
    </ClCompile>
    <ClCompile Include="D:\projects\Portfolio\dependencies\assimp\code\BlenderBMesh.cpp">
      <Filter>BLEND</Filter>
    </ClCompile>
    <ClCompile Include="D:\projects\Portfolio\dependencies\assimp\code\BlenderTessellator.cpp">
      <Filter>BLEND</Filter>
    </ClCompile>
    <ClCompile Include="D:\projects\Portfolio\dependencies\assimp\code\BlenderCustomData.cpp">
      <Filter>BLEND</Filter>
    </ClCompile>
    <ClCompile Include="D:\projects\Portfolio\dependencies\assimp\code\Importer\IFC\IFCLoader.cpp">
      <Filter>IFC</Filter>
    </ClCompile>
    <ClCompile Include="D:\projects\Portfolio\dependencies\assimp\code\Importer\IFC\IFCReaderGen1_2x3.cpp">
      <Filter>IFC</Filter>
    </ClCompile>
    <ClCompile Include="D:\projects\Portfolio\dependencies\assimp\code\Importer\IFC\IFCReaderGen2_2x3.cpp">
      <Filter>IFC</Filter>
    </ClCompile>
    <ClCompile Include="D:\projects\Portfolio\dependencies\assimp\code\Importer\IFC\IFCUtil.cpp">
      <Filter>IFC</Filter>
    </ClCompile>
    <ClCompile Include="D:\projects\Portfolio\dependencies\assimp\code\Importer\IFC\IFCGeometry.cpp">
      <Filter>IFC</Filter>
    </ClCompile>
    <ClCompile Include="D:\projects\Portfolio\dependencies\assimp\code\Importer\IFC\IFCMaterial.cpp">
      <Filter>IFC</Filter>
    </ClCompile>
    <ClCompile Include="D:\projects\Portfolio\dependencies\assimp\code\Importer\IFC\IFCProfile.cpp">
      <Filter>IFC</Filter>
    </ClCompile>
    <ClCompile Include="D:\projects\Portfolio\dependencies\assimp\code\Importer\IFC\IFCCurve.cpp">
      <Filter>IFC</Filter>
    </ClCompile>
    <ClCompile Include="D:\projects\Portfolio\dependencies\assimp\code\Importer\IFC\IFCBoolean.cpp">
      <Filter>IFC</Filter>
    </ClCompile>
    <ClCompile Include="D:\projects\Portfolio\dependencies\assimp\code\Importer\IFC\IFCOpenings.cpp">
      <Filter>IFC</Filter>
    </ClCompile>
    <ClCompile Include="D:\projects\Portfolio\dependencies\assimp\code\XGLLoader.cpp">
      <Filter>XGL</Filter>
    </ClCompile>
    <ClCompile Include="D:\projects\Portfolio\dependencies\assimp\code\FBXImporter.cpp">
      <Filter>FBX</Filter>
    </ClCompile>
    <ClCompile Include="D:\projects\Portfolio\dependencies\assimp\code\FBXParser.cpp">
      <Filter>FBX</Filter>
    </ClCompile>
    <ClCompile Include="D:\projects\Portfolio\dependencies\assimp\code\FBXTokenizer.cpp">
      <Filter>FBX</Filter>
    </ClCompile>
    <ClCompile Include="D:\projects\Portfolio\dependencies\assimp\code\FBXConverter.cpp">
      <Filter>FBX</Filter>
    </ClCompile>
    <ClCompile Include="D:\projects\Portfolio\dependencies\assimp\code\FBXUtil.cpp">
      <Filter>FBX</Filter>
    </ClCompile>
    <ClCompile Include="D:\projects\Portfolio\dependencies\assimp\code\FBXDocument.cpp">
      <Filter>FBX</Filter>
    </ClCompile>
    <ClCompile Include="D:\projects\Portfolio\dependencies\assimp\code\FBXProperties.cpp">
      <Filter>FBX</Filter>
    </ClCompile>
    <ClCompile Include="D:\projects\Portfolio\dependencies\assimp\code\FBXMeshGeometry.cpp">
      <Filter>FBX</Filter>
    </ClCompile>
    <ClCompile Include="D:\projects\Portfolio\dependencies\assimp\code\FBXMaterial.cpp">
      <Filter>FBX</Filter>
    </ClCompile>
    <ClCompile Include="D:\projects\Portfolio\dependencies\assimp\code\FBXModel.cpp">
      <Filter>FBX</Filter>
    </ClCompile>
    <ClCompile Include="D:\projects\Portfolio\dependencies\assimp\code\FBXAnimation.cpp">
      <Filter>FBX</Filter>
    </ClCompile>
    <ClCompile Include="D:\projects\Portfolio\dependencies\assimp\code\FBXNodeAttribute.cpp">
      <Filter>FBX</Filter>
    </ClCompile>
    <ClCompile Include="D:\projects\Portfolio\dependencies\assimp\code\FBXDeformer.cpp">
      <Filter>FBX</Filter>
    </ClCompile>
    <ClCompile Include="D:\projects\Portfolio\dependencies\assimp\code\FBXBinaryTokenizer.cpp">
      <Filter>FBX</Filter>
    </ClCompile>
    <ClCompile Include="D:\projects\Portfolio\dependencies\assimp\code\FBXDocumentUtil.cpp">
      <Filter>FBX</Filter>
    </ClCompile>
    <ClCompile Include="D:\projects\Portfolio\dependencies\assimp\code\FBXExporter.cpp">
      <Filter>FBX</Filter>
    </ClCompile>
    <ClCompile Include="D:\projects\Portfolio\dependencies\assimp\code\FBXExportNode.cpp">
      <Filter>FBX</Filter>
    </ClCompile>
    <ClCompile Include="D:\projects\Portfolio\dependencies\assimp\code\FBXExportProperty.cpp">
      <Filter>FBX</Filter>
    </ClCompile>
    <ClCompile Include="D:\projects\Portfolio\dependencies\assimp\code\Q3DLoader.cpp">
      <Filter>Q3D</Filter>
    </ClCompile>
    <ClCompile Include="D:\projects\Portfolio\dependencies\assimp\code\Q3BSPFileParser.cpp">
      <Filter>Q3BSP</Filter>
    </ClCompile>
    <ClCompile Include="D:\projects\Portfolio\dependencies\assimp\code\Q3BSPFileImporter.cpp">
      <Filter>Q3BSP</Filter>
    </ClCompile>
    <ClCompile Include="D:\projects\Portfolio\dependencies\assimp\code\Q3BSPZipArchive.cpp">
      <Filter>Q3BSP</Filter>
    </ClCompile>
    <ClCompile Include="D:\projects\Portfolio\dependencies\assimp\code\RawLoader.cpp">
      <Filter>RAW</Filter>
    </ClCompile>
    <ClCompile Include="D:\projects\Portfolio\dependencies\assimp\code\SIBImporter.cpp">
      <Filter>SIB</Filter>
    </ClCompile>
    <ClCompile Include="D:\projects\Portfolio\dependencies\assimp\code\SMDLoader.cpp">
      <Filter>SMD</Filter>
    </ClCompile>
    <ClCompile Include="D:\projects\Portfolio\dependencies\assimp\code\STLLoader.cpp">
      <Filter>STL</Filter>
    </ClCompile>
    <ClCompile Include="D:\projects\Portfolio\dependencies\assimp\code\STLExporter.cpp">
      <Filter>STL</Filter>
    </ClCompile>
    <ClCompile Include="D:\projects\Portfolio\dependencies\assimp\code\TerragenLoader.cpp">
      <Filter>TERRAGEN</Filter>
    </ClCompile>
    <ClCompile Include="D:\projects\Portfolio\dependencies\assimp\code\UnrealLoader.cpp">
      <Filter>3D</Filter>
    </ClCompile>
    <ClCompile Include="D:\projects\Portfolio\dependencies\assimp\code\XFileImporter.cpp">
      <Filter>X</Filter>
    </ClCompile>
    <ClCompile Include="D:\projects\Portfolio\dependencies\assimp\code\XFileParser.cpp">
      <Filter>X</Filter>
    </ClCompile>
    <ClCompile Include="D:\projects\Portfolio\dependencies\assimp\code\XFileExporter.cpp">
      <Filter>X</Filter>
    </ClCompile>
    <ClCompile Include="D:\projects\Portfolio\dependencies\assimp\code\X3DExporter.cpp">
      <Filter>X3D</Filter>
    </ClCompile>
    <ClCompile Include="D:\projects\Portfolio\dependencies\assimp\code\X3DImporter.cpp">
      <Filter>X3D</Filter>
    </ClCompile>
    <ClCompile Include="D:\projects\Portfolio\dependencies\assimp\code\X3DImporter_Geometry2D.cpp">
      <Filter>X3D</Filter>
    </ClCompile>
    <ClCompile Include="D:\projects\Portfolio\dependencies\assimp\code\X3DImporter_Geometry3D.cpp">
      <Filter>X3D</Filter>
    </ClCompile>
    <ClCompile Include="D:\projects\Portfolio\dependencies\assimp\code\X3DImporter_Group.cpp">
      <Filter>X3D</Filter>
    </ClCompile>
    <ClCompile Include="D:\projects\Portfolio\dependencies\assimp\code\X3DImporter_Light.cpp">
      <Filter>X3D</Filter>
    </ClCompile>
    <ClCompile Include="D:\projects\Portfolio\dependencies\assimp\code\X3DImporter_Metadata.cpp">
      <Filter>X3D</Filter>
    </ClCompile>
    <ClCompile Include="D:\projects\Portfolio\dependencies\assimp\code\X3DImporter_Networking.cpp">
      <Filter>X3D</Filter>
    </ClCompile>
    <ClCompile Include="D:\projects\Portfolio\dependencies\assimp\code\X3DImporter_Postprocess.cpp">
      <Filter>X3D</Filter>
    </ClCompile>
    <ClCompile Include="D:\projects\Portfolio\dependencies\assimp\code\X3DImporter_Rendering.cpp">
      <Filter>X3D</Filter>
    </ClCompile>
    <ClCompile Include="D:\projects\Portfolio\dependencies\assimp\code\X3DImporter_Shape.cpp">
      <Filter>X3D</Filter>
    </ClCompile>
    <ClCompile Include="D:\projects\Portfolio\dependencies\assimp\code\X3DImporter_Texturing.cpp">
      <Filter>X3D</Filter>
    </ClCompile>
    <ClCompile Include="D:\projects\Portfolio\dependencies\assimp\code\FIReader.cpp">
      <Filter>X3D</Filter>
    </ClCompile>
    <ClCompile Include="D:\projects\Portfolio\dependencies\assimp\code\X3DVocabulary.cpp">
      <Filter>X3D</Filter>
    </ClCompile>
    <ClCompile Include="D:\projects\Portfolio\dependencies\assimp\code\glTFImporter.cpp">
      <Filter>GLTF</Filter>
    </ClCompile>
    <ClCompile Include="D:\projects\Portfolio\dependencies\assimp\code\glTFExporter.cpp">
      <Filter>GLTF</Filter>
    </ClCompile>
    <ClCompile Include="D:\projects\Portfolio\dependencies\assimp\code\glTF2Importer.cpp">
      <Filter>GLTF</Filter>
    </ClCompile>
    <ClCompile Include="D:\projects\Portfolio\dependencies\assimp\code\glTF2Exporter.cpp">
      <Filter>GLTF</Filter>
    </ClCompile>
    <ClCompile Include="D:\projects\Portfolio\dependencies\assimp\code\D3MFImporter.cpp">
      <Filter>3MF</Filter>
    </ClCompile>
    <ClCompile Include="D:\projects\Portfolio\dependencies\assimp\code\D3MFExporter.cpp">
      <Filter>3MF</Filter>
    </ClCompile>
    <ClCompile Include="D:\projects\Portfolio\dependencies\assimp\code\D3MFOpcPackage.cpp">
      <Filter>3MF</Filter>
    </ClCompile>
    <ClCompile Include="D:\projects\Portfolio\dependencies\assimp\code\MMDImporter.cpp">
      <Filter>MMD</Filter>
    </ClCompile>
    <ClCompile Include="D:\projects\Portfolio\dependencies\assimp\code\MMDPmxParser.cpp">
      <Filter>MMD</Filter>
    </ClCompile>
    <ClCompile Include="D:\projects\Portfolio\dependencies\assimp\code\Importer\StepFile\StepFileImporter.cpp">
      <Filter>STEP</Filter>
    </ClCompile>
    <ClCompile Include="D:\projects\Portfolio\dependencies\assimp\code\Importer\StepFile\StepFileGen1.cpp">
      <Filter>STEP</Filter>
    </ClCompile>
    <ClCompile Include="D:\projects\Portfolio\dependencies\assimp\code\Importer\StepFile\StepFileGen2.cpp">
      <Filter>STEP</Filter>
    </ClCompile>
    <ClCompile Include="D:\projects\Portfolio\dependencies\assimp\code\Importer\StepFile\StepFileGen3.cpp">
      <Filter>STEP</Filter>
    </ClCompile>
    <ClCompile Include="D:\projects\Portfolio\dependencies\assimp\code\StepExporter.cpp">
      <Filter>STEP</Filter>
    </ClCompile>
    <ClCompile Include="D:\projects\Portfolio\dependencies\assimp\contrib\unzip\ioapi.c">
      <Filter>unzip</Filter>
    </ClCompile>
    <ClCompile Include="D:\projects\Portfolio\dependencies\assimp\contrib\unzip\unzip.c">
      <Filter>unzip</Filter>
    </ClCompile>
    <ClCompile Include="D:\projects\Portfolio\dependencies\assimp\contrib\poly2tri\poly2tri\common\shapes.cc">
      <Filter>Poly2Tri</Filter>
    </ClCompile>
    <ClCompile Include="D:\projects\Portfolio\dependencies\assimp\contrib\poly2tri\poly2tri\sweep\advancing_front.cc">
      <Filter>Poly2Tri</Filter>
    </ClCompile>
    <ClCompile Include="D:\projects\Portfolio\dependencies\assimp\contrib\poly2tri\poly2tri\sweep\cdt.cc">
      <Filter>Poly2Tri</Filter>
    </ClCompile>
    <ClCompile Include="D:\projects\Portfolio\dependencies\assimp\contrib\poly2tri\poly2tri\sweep\sweep.cc">
      <Filter>Poly2Tri</Filter>
    </ClCompile>
    <ClCompile Include="D:\projects\Portfolio\dependencies\assimp\contrib\poly2tri\poly2tri\sweep\sweep_context.cc">
      <Filter>Poly2Tri</Filter>
    </ClCompile>
    <ClCompile Include="D:\projects\Portfolio\dependencies\assimp\contrib\clipper\clipper.cpp">
      <Filter>Clipper</Filter>
    </ClCompile>
    <ClCompile Include="D:\projects\Portfolio\dependencies\assimp\contrib\openddlparser\code\OpenDDLParser.cpp">
      <Filter>openddl_parser</Filter>
    </ClCompile>
    <ClCompile Include="D:\projects\Portfolio\dependencies\assimp\contrib\openddlparser\code\DDLNode.cpp">
      <Filter>openddl_parser</Filter>
    </ClCompile>
    <ClCompile Include="D:\projects\Portfolio\dependencies\assimp\contrib\openddlparser\code\OpenDDLCommon.cpp">
      <Filter>openddl_parser</Filter>
    </ClCompile>
    <ClCompile Include="D:\projects\Portfolio\dependencies\assimp\contrib\openddlparser\code\OpenDDLExport.cpp">
      <Filter>openddl_parser</Filter>
    </ClCompile>
    <ClCompile Include="D:\projects\Portfolio\dependencies\assimp\contrib\openddlparser\code\Value.cpp">
      <Filter>openddl_parser</Filter>
    </ClCompile>
    <ClCompile Include="D:\projects\Portfolio\dependencies\assimp\contrib\openddlparser\code\OpenDDLStream.cpp">
      <Filter>openddl_parser</Filter>
    </ClCompile>
    <ClCompile Include="D:\projects\Portfolio\dependencies\assimp\contrib\Open3DGC\o3dgcArithmeticCodec.cpp">
      <Filter>open3dgc</Filter>
    </ClCompile>
    <ClCompile Include="D:\projects\Portfolio\dependencies\assimp\contrib\Open3DGC\o3dgcDynamicVectorDecoder.cpp">
      <Filter>open3dgc</Filter>
    </ClCompile>
    <ClCompile Include="D:\projects\Portfolio\dependencies\assimp\contrib\Open3DGC\o3dgcDynamicVectorEncoder.cpp">
      <Filter>open3dgc</Filter>
    </ClCompile>
    <ClCompile Include="D:\projects\Portfolio\dependencies\assimp\contrib\Open3DGC\o3dgcTools.cpp">
      <Filter>open3dgc</Filter>
    </ClCompile>
    <ClCompile Include="D:\projects\Portfolio\dependencies\assimp\contrib\Open3DGC\o3dgcTriangleFans.cpp">
      <Filter>open3dgc</Filter>
    </ClCompile>
    <ClCompile Include="D:\projects\Portfolio\dependencies\assimp\contrib\zip\src\zip.c">
      <Filter>ziplib</Filter>
    </ClCompile>
  </ItemGroup>
  <ItemGroup>
    <ClInclude Include="D:\projects\Portfolio\dependencies\assimp\code\BaseProcess.h">
      <Filter>Common</Filter>
    </ClInclude>
    <ClInclude Include="D:\projects\Portfolio\dependencies\assimp\code\Importer.h">
      <Filter>Common</Filter>
    </ClInclude>
    <ClInclude Include="D:\projects\Portfolio\dependencies\assimp\code\ScenePrivate.h">
      <Filter>Common</Filter>
    </ClInclude>
    <ClInclude Include="D:\projects\Portfolio\dependencies\assimp\code\DefaultProgressHandler.h">
      <Filter>Common</Filter>
    </ClInclude>
    <ClInclude Include="D:\projects\Portfolio\dependencies\assimp\code\CInterfaceIOWrapper.h">
      <Filter>Common</Filter>
    </ClInclude>
    <ClInclude Include="D:\projects\Portfolio\dependencies\assimp\code\IFF.h">
      <Filter>Common</Filter>
    </ClInclude>
    <ClInclude Include="D:\projects\Portfolio\dependencies\assimp\code\VertexTriangleAdjacency.h">
      <Filter>Common</Filter>
    </ClInclude>
    <ClInclude Include="D:\projects\Portfolio\dependencies\assimp\code\ScenePreprocessor.h">
      <Filter>Common</Filter>
    </ClInclude>
    <ClInclude Include="D:\projects\Portfolio\dependencies\assimp\code\SplitByBoneCountProcess.h">
      <Filter>Common</Filter>
    </ClInclude>
    <ClInclude Include="D:\projects\Portfolio\dependencies\assimp\code\TargetAnimation.h">
      <Filter>Common</Filter>
    </ClInclude>
    <ClInclude Include="D:\projects\Portfolio\dependencies\assimp\code\simd.h">
      <Filter>Common</Filter>
    </ClInclude>
    <ClInclude Include="D:\projects\Portfolio\dependencies\assimp\include\assimp\DefaultLogger.hpp">
      <Filter>Logging</Filter>
    </ClInclude>
    <ClInclude Include="D:\projects\Portfolio\dependencies\assimp\include\assimp\LogStream.hpp">
      <Filter>Logging</Filter>
    </ClInclude>
    <ClInclude Include="D:\projects\Portfolio\dependencies\assimp\include\assimp\Logger.hpp">
      <Filter>Logging</Filter>
    </ClInclude>
    <ClInclude Include="D:\projects\Portfolio\dependencies\assimp\include\assimp\NullLogger.hpp">
      <Filter>Logging</Filter>
    </ClInclude>
    <ClInclude Include="D:\projects\Portfolio\dependencies\assimp\code\Win32DebugLogStream.h">
      <Filter>Logging</Filter>
    </ClInclude>
    <ClInclude Include="D:\projects\Portfolio\dependencies\assimp\code\FileLogStream.h">
      <Filter>Logging</Filter>
    </ClInclude>
    <ClInclude Include="D:\projects\Portfolio\dependencies\assimp\code\StdOStreamLogStream.h">
      <Filter>Logging</Filter>
    </ClInclude>
    <ClInclude Include="D:\projects\Portfolio\dependencies\assimp\include\assimp\BlobIOSystem.h">
      <Filter>Exporter</Filter>
    </ClInclude>
    <ClInclude Include="D:\projects\Portfolio\dependencies\assimp\code\CalcTangentsProcess.h">
      <Filter>PostProcessing</Filter>
    </ClInclude>
    <ClInclude Include="D:\projects\Portfolio\dependencies\assimp\code\ComputeUVMappingProcess.h">
      <Filter>PostProcessing</Filter>
    </ClInclude>
    <ClInclude Include="D:\projects\Portfolio\dependencies\assimp\code\ConvertToLHProcess.h">
      <Filter>PostProcessing</Filter>
    </ClInclude>
    <ClInclude Include="D:\projects\Portfolio\dependencies\assimp\code\EmbedTexturesProcess.h">
      <Filter>PostProcessing</Filter>
    </ClInclude>
    <ClInclude Include="D:\projects\Portfolio\dependencies\assimp\code\FindDegenerates.h">
      <Filter>PostProcessing</Filter>
    </ClInclude>
    <ClInclude Include="D:\projects\Portfolio\dependencies\assimp\code\FindInstancesProcess.h">
      <Filter>PostProcessing</Filter>
    </ClInclude>
    <ClInclude Include="D:\projects\Portfolio\dependencies\assimp\code\FindInvalidDataProcess.h">
      <Filter>PostProcessing</Filter>
    </ClInclude>
    <ClInclude Include="D:\projects\Portfolio\dependencies\assimp\code\FixNormalsStep.h">
      <Filter>PostProcessing</Filter>
    </ClInclude>
    <ClInclude Include="D:\projects\Portfolio\dependencies\assimp\code\DropFaceNormalsProcess.h">
      <Filter>PostProcessing</Filter>
    </ClInclude>
    <ClInclude Include="D:\projects\Portfolio\dependencies\assimp\code\GenFaceNormalsProcess.h">
      <Filter>PostProcessing</Filter>
    </ClInclude>
    <ClInclude Include="D:\projects\Portfolio\dependencies\assimp\code\GenVertexNormalsProcess.h">
      <Filter>PostProcessing</Filter>
    </ClInclude>
    <ClInclude Include="D:\projects\Portfolio\dependencies\assimp\code\PretransformVertices.h">
      <Filter>PostProcessing</Filter>
    </ClInclude>
    <ClInclude Include="D:\projects\Portfolio\dependencies\assimp\code\ImproveCacheLocality.h">
      <Filter>PostProcessing</Filter>
    </ClInclude>
    <ClInclude Include="D:\projects\Portfolio\dependencies\assimp\code\JoinVerticesProcess.h">
      <Filter>PostProcessing</Filter>
    </ClInclude>
    <ClInclude Include="D:\projects\Portfolio\dependencies\assimp\code\LimitBoneWeightsProcess.h">
      <Filter>PostProcessing</Filter>
    </ClInclude>
    <ClInclude Include="D:\projects\Portfolio\dependencies\assimp\code\RemoveRedundantMaterials.h">
      <Filter>PostProcessing</Filter>
    </ClInclude>
    <ClInclude Include="D:\projects\Portfolio\dependencies\assimp\code\RemoveVCProcess.h">
      <Filter>PostProcessing</Filter>
    </ClInclude>
    <ClInclude Include="D:\projects\Portfolio\dependencies\assimp\code\SortByPTypeProcess.h">
      <Filter>PostProcessing</Filter>
    </ClInclude>
    <ClInclude Include="D:\projects\Portfolio\dependencies\assimp\code\SplitLargeMeshes.h">
      <Filter>PostProcessing</Filter>
    </ClInclude>
    <ClInclude Include="D:\projects\Portfolio\dependencies\assimp\code\TextureTransform.h">
      <Filter>PostProcessing</Filter>
    </ClInclude>
    <ClInclude Include="D:\projects\Portfolio\dependencies\assimp\code\TriangulateProcess.h">
      <Filter>PostProcessing</Filter>
    </ClInclude>
    <ClInclude Include="D:\projects\Portfolio\dependencies\assimp\code\ValidateDataStructure.h">
      <Filter>PostProcessing</Filter>
    </ClInclude>
    <ClInclude Include="D:\projects\Portfolio\dependencies\assimp\code\OptimizeGraph.h">
      <Filter>PostProcessing</Filter>
    </ClInclude>
    <ClInclude Include="D:\projects\Portfolio\dependencies\assimp\code\OptimizeMeshes.h">
      <Filter>PostProcessing</Filter>
    </ClInclude>
    <ClInclude Include="D:\projects\Portfolio\dependencies\assimp\code\DeboneProcess.h">
      <Filter>PostProcessing</Filter>
    </ClInclude>
    <ClInclude Include="D:\projects\Portfolio\dependencies\assimp\code\ProcessHelper.h">
      <Filter>PostProcessing</Filter>
    </ClInclude>
    <ClInclude Include="D:\projects\Portfolio\dependencies\assimp\code\PolyTools.h">
      <Filter>PostProcessing</Filter>
    </ClInclude>
    <ClInclude Include="D:\projects\Portfolio\dependencies\assimp\code\MakeVerboseFormat.h">
      <Filter>PostProcessing</Filter>
    </ClInclude>
    <ClInclude Include="D:\projects\Portfolio\dependencies\assimp\code\ScaleProcess.h">
      <Filter>PostProcessing</Filter>
    </ClInclude>
    <ClInclude Include="D:\projects\Portfolio\dependencies\assimp\code\MaterialSystem.h">
      <Filter>MaterialSystem</Filter>
    </ClInclude>
    <ClInclude Include="D:\projects\Portfolio\dependencies\assimp\code\Importer\STEPParser\STEPFileReader.h">
      <Filter>STEPParser</Filter>
    </ClInclude>
    <ClInclude Include="D:\projects\Portfolio\dependencies\assimp\code\Importer\STEPParser\STEPFileEncoding.h">
      <Filter>STEPParser</Filter>
    </ClInclude>
    <ClInclude Include="D:\projects\Portfolio\dependencies\assimp\code\AMFImporter.hpp">
      <Filter>AMF</Filter>
    </ClInclude>
    <ClInclude Include="D:\projects\Portfolio\dependencies\assimp\code\AMFImporter_Macro.hpp">
      <Filter>AMF</Filter>
    </ClInclude>
    <ClInclude Include="D:\projects\Portfolio\dependencies\assimp\code\AMFImporter_Node.hpp">
      <Filter>AMF</Filter>
    </ClInclude>
    <ClInclude Include="D:\projects\Portfolio\dependencies\assimp\code\3DSHelper.h">
      <Filter>3DS</Filter>
    </ClInclude>
    <ClInclude Include="D:\projects\Portfolio\dependencies\assimp\code\3DSLoader.h">
      <Filter>3DS</Filter>
    </ClInclude>
    <ClInclude Include="D:\projects\Portfolio\dependencies\assimp\code\3DSExporter.h">
      <Filter>3DS</Filter>
    </ClInclude>
    <ClInclude Include="D:\projects\Portfolio\dependencies\assimp\code\ACLoader.h">
      <Filter>AC</Filter>
    </ClInclude>
    <ClInclude Include="D:\projects\Portfolio\dependencies\assimp\code\ASELoader.h">
      <Filter>ASE</Filter>
    </ClInclude>
    <ClInclude Include="D:\projects\Portfolio\dependencies\assimp\code\ASEParser.h">
      <Filter>ASE</Filter>
    </ClInclude>
    <ClInclude Include="D:\projects\Portfolio\dependencies\assimp\code\AssbinExporter.h">
      <Filter>ASSBIN</Filter>
    </ClInclude>
    <ClInclude Include="D:\projects\Portfolio\dependencies\assimp\code\AssbinLoader.h">
      <Filter>ASSBIN</Filter>
    </ClInclude>
    <ClInclude Include="D:\projects\Portfolio\dependencies\assimp\code\AssxmlExporter.h">
      <Filter>ASSXML</Filter>
    </ClInclude>
    <ClInclude Include="D:\projects\Portfolio\dependencies\assimp\code\B3DImporter.h">
      <Filter>B3D</Filter>
    </ClInclude>
    <ClInclude Include="D:\projects\Portfolio\dependencies\assimp\code\BVHLoader.h">
      <Filter>BVH</Filter>
    </ClInclude>
    <ClInclude Include="D:\projects\Portfolio\dependencies\assimp\code\ColladaHelper.h">
      <Filter>COLLADA</Filter>
    </ClInclude>
    <ClInclude Include="D:\projects\Portfolio\dependencies\assimp\code\ColladaLoader.h">
      <Filter>COLLADA</Filter>
    </ClInclude>
    <ClInclude Include="D:\projects\Portfolio\dependencies\assimp\code\ColladaParser.h">
      <Filter>COLLADA</Filter>
    </ClInclude>
    <ClInclude Include="D:\projects\Portfolio\dependencies\assimp\code\ColladaExporter.h">
      <Filter>COLLADA</Filter>
    </ClInclude>
    <ClInclude Include="D:\projects\Portfolio\dependencies\assimp\code\DXFLoader.h">
      <Filter>DXF</Filter>
    </ClInclude>
    <ClInclude Include="D:\projects\Portfolio\dependencies\assimp\code\DXFHelper.h">
      <Filter>DXF</Filter>
    </ClInclude>
    <ClInclude Include="D:\projects\Portfolio\dependencies\assimp\code\CSMLoader.h">
      <Filter>CSM</Filter>
    </ClInclude>
    <ClInclude Include="D:\projects\Portfolio\dependencies\assimp\code\HMPFileData.h">
      <Filter>HMP</Filter>
    </ClInclude>
    <ClInclude Include="D:\projects\Portfolio\dependencies\assimp\code\HMPLoader.h">
      <Filter>HMP</Filter>
    </ClInclude>
    <ClInclude Include="D:\projects\Portfolio\dependencies\assimp\code\HalfLifeFileData.h">
      <Filter>HMP</Filter>
    </ClInclude>
    <ClInclude Include="D:\projects\Portfolio\dependencies\assimp\code\IRRMeshLoader.h">
      <Filter>IRRMESH</Filter>
    </ClInclude>
    <ClInclude Include="D:\projects\Portfolio\dependencies\assimp\code\IRRShared.h">
      <Filter>IRR</Filter>
    </ClInclude>
    <ClInclude Include="D:\projects\Portfolio\dependencies\assimp\code\IRRLoader.h">
      <Filter>IRR</Filter>
    </ClInclude>
    <ClInclude Include="D:\projects\Portfolio\dependencies\assimp\code\LWOAnimation.h">
      <Filter>LWO</Filter>
    </ClInclude>
    <ClInclude Include="D:\projects\Portfolio\dependencies\assimp\code\LWOFileData.h">
      <Filter>LWO</Filter>
    </ClInclude>
    <ClInclude Include="D:\projects\Portfolio\dependencies\assimp\code\LWOLoader.h">
      <Filter>LWO</Filter>
    </ClInclude>
    <ClInclude Include="D:\projects\Portfolio\dependencies\assimp\code\LWSLoader.h">
      <Filter>LWS</Filter>
    </ClInclude>
    <ClInclude Include="D:\projects\Portfolio\dependencies\assimp\code\MD2FileData.h">
      <Filter>MD2</Filter>
    </ClInclude>
    <ClInclude Include="D:\projects\Portfolio\dependencies\assimp\code\MD2Loader.h">
      <Filter>MD2</Filter>
    </ClInclude>
    <ClInclude Include="D:\projects\Portfolio\dependencies\assimp\code\MD2NormalTable.h">
      <Filter>MD2</Filter>
    </ClInclude>
    <ClInclude Include="D:\projects\Portfolio\dependencies\assimp\code\MD3FileData.h">
      <Filter>MD3</Filter>
    </ClInclude>
    <ClInclude Include="D:\projects\Portfolio\dependencies\assimp\code\MD3Loader.h">
      <Filter>MD3</Filter>
    </ClInclude>
    <ClInclude Include="D:\projects\Portfolio\dependencies\assimp\code\MD5Loader.h">
      <Filter>MD5</Filter>
    </ClInclude>
    <ClInclude Include="D:\projects\Portfolio\dependencies\assimp\code\MD5Parser.h">
      <Filter>MD5</Filter>
    </ClInclude>
    <ClInclude Include="D:\projects\Portfolio\dependencies\assimp\code\MDCFileData.h">
      <Filter>MDC</Filter>
    </ClInclude>
    <ClInclude Include="D:\projects\Portfolio\dependencies\assimp\code\MDCLoader.h">
      <Filter>MDC</Filter>
    </ClInclude>
    <ClInclude Include="D:\projects\Portfolio\dependencies\assimp\code\MDCNormalTable.h">
      <Filter>MDC</Filter>
    </ClInclude>
    <ClInclude Include="D:\projects\Portfolio\dependencies\assimp\code\MDLDefaultColorMap.h">
      <Filter>MDL</Filter>
    </ClInclude>
    <ClInclude Include="D:\projects\Portfolio\dependencies\assimp\code\MDLFileData.h">
      <Filter>MDL</Filter>
    </ClInclude>
    <ClInclude Include="D:\projects\Portfolio\dependencies\assimp\code\MDLLoader.h">
      <Filter>MDL</Filter>
    </ClInclude>
    <ClInclude Include="D:\projects\Portfolio\dependencies\assimp\code\NFFLoader.h">
      <Filter>NFF</Filter>
    </ClInclude>
    <ClInclude Include="D:\projects\Portfolio\dependencies\assimp\code\NDOLoader.h">
      <Filter>NDO</Filter>
    </ClInclude>
    <ClInclude Include="D:\projects\Portfolio\dependencies\assimp\code\OFFLoader.h">
      <Filter>OFF</Filter>
    </ClInclude>
    <ClInclude Include="D:\projects\Portfolio\dependencies\assimp\code\ObjFileData.h">
      <Filter>OBJ</Filter>
    </ClInclude>
    <ClInclude Include="D:\projects\Portfolio\dependencies\assimp\code\ObjFileImporter.h">
      <Filter>OBJ</Filter>
    </ClInclude>
    <ClInclude Include="D:\projects\Portfolio\dependencies\assimp\code\ObjFileMtlImporter.h">
      <Filter>OBJ</Filter>
    </ClInclude>
    <ClInclude Include="D:\projects\Portfolio\dependencies\assimp\code\ObjFileParser.h">
      <Filter>OBJ</Filter>
    </ClInclude>
    <ClInclude Include="D:\projects\Portfolio\dependencies\assimp\code\ObjTools.h">
      <Filter>OBJ</Filter>
    </ClInclude>
    <ClInclude Include="D:\projects\Portfolio\dependencies\assimp\code\ObjExporter.h">
      <Filter>OBJ</Filter>
    </ClInclude>
    <ClInclude Include="D:\projects\Portfolio\dependencies\assimp\code\OgreImporter.h">
      <Filter>OGRE</Filter>
    </ClInclude>
    <ClInclude Include="D:\projects\Portfolio\dependencies\assimp\code\OgreStructs.h">
      <Filter>OGRE</Filter>
    </ClInclude>
    <ClInclude Include="D:\projects\Portfolio\dependencies\assimp\code\OgreParsingUtils.h">
      <Filter>OGRE</Filter>
    </ClInclude>
    <ClInclude Include="D:\projects\Portfolio\dependencies\assimp\code\OgreBinarySerializer.h">
      <Filter>OGRE</Filter>
    </ClInclude>
    <ClInclude Include="D:\projects\Portfolio\dependencies\assimp\code\OgreXmlSerializer.h">
      <Filter>OGRE</Filter>
    </ClInclude>
    <ClInclude Include="D:\projects\Portfolio\dependencies\assimp\code\OpenGEXExporter.h">
      <Filter>OPENGEX</Filter>
    </ClInclude>
    <ClInclude Include="D:\projects\Portfolio\dependencies\assimp\code\OpenGEXImporter.h">
      <Filter>OPENGEX</Filter>
    </ClInclude>
    <ClInclude Include="D:\projects\Portfolio\dependencies\assimp\code\OpenGEXStructs.h">
      <Filter>OPENGEX</Filter>
    </ClInclude>
    <ClInclude Include="D:\projects\Portfolio\dependencies\assimp\code\PlyLoader.h">
      <Filter>PLY</Filter>
    </ClInclude>
    <ClInclude Include="D:\projects\Portfolio\dependencies\assimp\code\PlyParser.h">
      <Filter>PLY</Filter>
    </ClInclude>
    <ClInclude Include="D:\projects\Portfolio\dependencies\assimp\code\PlyExporter.h">
      <Filter>PLY</Filter>
    </ClInclude>
    <ClInclude Include="D:\projects\Portfolio\dependencies\assimp\code\MS3DLoader.h">
      <Filter>MS3D</Filter>
    </ClInclude>
    <ClInclude Include="D:\projects\Portfolio\dependencies\assimp\code\COBLoader.h">
      <Filter>COB</Filter>
    </ClInclude>
    <ClInclude Include="D:\projects\Portfolio\dependencies\assimp\code\COBScene.h">
      <Filter>COB</Filter>
    </ClInclude>
    <ClInclude Include="D:\projects\Portfolio\dependencies\assimp\code\BlenderLoader.h">
      <Filter>BLEND</Filter>
    </ClInclude>
    <ClInclude Include="D:\projects\Portfolio\dependencies\assimp\code\BlenderDNA.h">
      <Filter>BLEND</Filter>
    </ClInclude>
    <ClInclude Include="D:\projects\Portfolio\dependencies\assimp\code\BlenderDNA.inl">
      <Filter>BLEND</Filter>
    </ClInclude>
    <ClInclude Include="D:\projects\Portfolio\dependencies\assimp\code\BlenderScene.h">
      <Filter>BLEND</Filter>
    </ClInclude>
    <ClInclude Include="D:\projects\Portfolio\dependencies\assimp\code\BlenderSceneGen.h">
      <Filter>BLEND</Filter>
    </ClInclude>
    <ClInclude Include="D:\projects\Portfolio\dependencies\assimp\code\BlenderIntermediate.h">
      <Filter>BLEND</Filter>
    </ClInclude>
    <ClInclude Include="D:\projects\Portfolio\dependencies\assimp\code\BlenderModifier.h">
      <Filter>BLEND</Filter>
    </ClInclude>
    <ClInclude Include="D:\projects\Portfolio\dependencies\assimp\code\BlenderBMesh.h">
      <Filter>BLEND</Filter>
    </ClInclude>
    <ClInclude Include="D:\projects\Portfolio\dependencies\assimp\code\BlenderTessellator.h">
      <Filter>BLEND</Filter>
    </ClInclude>
    <ClInclude Include="D:\projects\Portfolio\dependencies\assimp\code\BlenderCustomData.h">
      <Filter>BLEND</Filter>
    </ClInclude>
    <ClInclude Include="D:\projects\Portfolio\dependencies\assimp\code\Importer\IFC\IFCLoader.h">
      <Filter>IFC</Filter>
    </ClInclude>
    <ClInclude Include="D:\projects\Portfolio\dependencies\assimp\code\Importer\IFC\IFCReaderGen_2x3.h">
      <Filter>IFC</Filter>
    </ClInclude>
    <ClInclude Include="D:\projects\Portfolio\dependencies\assimp\code\Importer\IFC\IFCUtil.h">
      <Filter>IFC</Filter>
    </ClInclude>
    <ClInclude Include="D:\projects\Portfolio\dependencies\assimp\code\XGLLoader.h">
      <Filter>XGL</Filter>
    </ClInclude>
    <ClInclude Include="D:\projects\Portfolio\dependencies\assimp\code\FBXCompileConfig.h">
      <Filter>FBX</Filter>
    </ClInclude>
    <ClInclude Include="D:\projects\Portfolio\dependencies\assimp\code\FBXImporter.h">
      <Filter>FBX</Filter>
    </ClInclude>
    <ClInclude Include="D:\projects\Portfolio\dependencies\assimp\code\FBXParser.h">
      <Filter>FBX</Filter>
    </ClInclude>
    <ClInclude Include="D:\projects\Portfolio\dependencies\assimp\code\FBXTokenizer.h">
      <Filter>FBX</Filter>
    </ClInclude>
    <ClInclude Include="D:\projects\Portfolio\dependencies\assimp\code\FBXImportSettings.h">
      <Filter>FBX</Filter>
    </ClInclude>
    <ClInclude Include="D:\projects\Portfolio\dependencies\assimp\code\FBXConverter.h">
      <Filter>FBX</Filter>
    </ClInclude>
    <ClInclude Include="D:\projects\Portfolio\dependencies\assimp\code\FBXUtil.h">
      <Filter>FBX</Filter>
    </ClInclude>
    <ClInclude Include="D:\projects\Portfolio\dependencies\assimp\code\FBXDocument.h">
      <Filter>FBX</Filter>
    </ClInclude>
    <ClInclude Include="D:\projects\Portfolio\dependencies\assimp\code\FBXProperties.h">
      <Filter>FBX</Filter>
    </ClInclude>
    <ClInclude Include="D:\projects\Portfolio\dependencies\assimp\code\FBXMeshGeometry.h">
      <Filter>FBX</Filter>
    </ClInclude>
    <ClInclude Include="D:\projects\Portfolio\dependencies\assimp\code\FBXExporter.h">
      <Filter>FBX</Filter>
    </ClInclude>
    <ClInclude Include="D:\projects\Portfolio\dependencies\assimp\code\FBXExportNode.h">
      <Filter>FBX</Filter>
    </ClInclude>
    <ClInclude Include="D:\projects\Portfolio\dependencies\assimp\code\FBXExportProperty.h">
      <Filter>FBX</Filter>
    </ClInclude>
    <ClInclude Include="D:\projects\Portfolio\dependencies\assimp\code\FBXCommon.h">
      <Filter>FBX</Filter>
    </ClInclude>
    <ClInclude Include="D:\projects\Portfolio\dependencies\assimp\code\Q3DLoader.h">
      <Filter>Q3D</Filter>
    </ClInclude>
    <ClInclude Include="D:\projects\Portfolio\dependencies\assimp\code\Q3BSPFileData.h">
      <Filter>Q3BSP</Filter>
    </ClInclude>
    <ClInclude Include="D:\projects\Portfolio\dependencies\assimp\code\Q3BSPFileParser.h">
      <Filter>Q3BSP</Filter>
    </ClInclude>
    <ClInclude Include="D:\projects\Portfolio\dependencies\assimp\code\Q3BSPFileImporter.h">
      <Filter>Q3BSP</Filter>
    </ClInclude>
    <ClInclude Include="D:\projects\Portfolio\dependencies\assimp\code\Q3BSPZipArchive.h">
      <Filter>Q3BSP</Filter>
    </ClInclude>
    <ClInclude Include="D:\projects\Portfolio\dependencies\assimp\code\RawLoader.h">
      <Filter>RAW</Filter>
    </ClInclude>
    <ClInclude Include="D:\projects\Portfolio\dependencies\assimp\code\SIBImporter.h">
      <Filter>SIB</Filter>
    </ClInclude>
    <ClInclude Include="D:\projects\Portfolio\dependencies\assimp\code\SMDLoader.h">
      <Filter>SMD</Filter>
    </ClInclude>
    <ClInclude Include="D:\projects\Portfolio\dependencies\assimp\code\STLLoader.h">
      <Filter>STL</Filter>
    </ClInclude>
    <ClInclude Include="D:\projects\Portfolio\dependencies\assimp\code\STLExporter.h">
      <Filter>STL</Filter>
    </ClInclude>
    <ClInclude Include="D:\projects\Portfolio\dependencies\assimp\code\TerragenLoader.h">
      <Filter>TERRAGEN</Filter>
    </ClInclude>
    <ClInclude Include="D:\projects\Portfolio\dependencies\assimp\code\UnrealLoader.h">
      <Filter>3D</Filter>
    </ClInclude>
    <ClInclude Include="D:\projects\Portfolio\dependencies\assimp\code\XFileHelper.h">
      <Filter>X</Filter>
    </ClInclude>
    <ClInclude Include="D:\projects\Portfolio\dependencies\assimp\code\XFileImporter.h">
      <Filter>X</Filter>
    </ClInclude>
    <ClInclude Include="D:\projects\Portfolio\dependencies\assimp\code\XFileParser.h">
      <Filter>X</Filter>
    </ClInclude>
    <ClInclude Include="D:\projects\Portfolio\dependencies\assimp\code\XFileExporter.h">
      <Filter>X</Filter>
    </ClInclude>
    <ClInclude Include="D:\projects\Portfolio\dependencies\assimp\code\X3DExporter.hpp">
      <Filter>X3D</Filter>
    </ClInclude>
    <ClInclude Include="D:\projects\Portfolio\dependencies\assimp\code\X3DImporter.hpp">
      <Filter>X3D</Filter>
    </ClInclude>
    <ClInclude Include="D:\projects\Portfolio\dependencies\assimp\code\X3DImporter_Macro.hpp">
      <Filter>X3D</Filter>
    </ClInclude>
    <ClInclude Include="D:\projects\Portfolio\dependencies\assimp\code\X3DImporter_Node.hpp">
      <Filter>X3D</Filter>
    </ClInclude>
    <ClInclude Include="D:\projects\Portfolio\dependencies\assimp\code\FIReader.hpp">
      <Filter>X3D</Filter>
    </ClInclude>
    <ClInclude Include="D:\projects\Portfolio\dependencies\assimp\code\glTFAsset.h">
      <Filter>GLTF</Filter>
    </ClInclude>
    <ClInclude Include="D:\projects\Portfolio\dependencies\assimp\code\glTFAsset.inl">
      <Filter>GLTF</Filter>
    </ClInclude>
    <ClInclude Include="D:\projects\Portfolio\dependencies\assimp\code\glTFAssetWriter.h">
      <Filter>GLTF</Filter>
    </ClInclude>
    <ClInclude Include="D:\projects\Portfolio\dependencies\assimp\code\glTFAssetWriter.inl">
      <Filter>GLTF</Filter>
    </ClInclude>
    <ClInclude Include="D:\projects\Portfolio\dependencies\assimp\code\glTFImporter.h">
      <Filter>GLTF</Filter>
    </ClInclude>
    <ClInclude Include="D:\projects\Portfolio\dependencies\assimp\code\glTFExporter.h">
      <Filter>GLTF</Filter>
    </ClInclude>
    <ClInclude Include="D:\projects\Portfolio\dependencies\assimp\code\glTF2Asset.h">
      <Filter>GLTF</Filter>
    </ClInclude>
    <ClInclude Include="D:\projects\Portfolio\dependencies\assimp\code\glTF2Asset.inl">
      <Filter>GLTF</Filter>
    </ClInclude>
    <ClInclude Include="D:\projects\Portfolio\dependencies\assimp\code\glTF2AssetWriter.h">
      <Filter>GLTF</Filter>
    </ClInclude>
    <ClInclude Include="D:\projects\Portfolio\dependencies\assimp\code\glTF2AssetWriter.inl">
      <Filter>GLTF</Filter>
    </ClInclude>
    <ClInclude Include="D:\projects\Portfolio\dependencies\assimp\code\glTF2Importer.h">
      <Filter>GLTF</Filter>
    </ClInclude>
    <ClInclude Include="D:\projects\Portfolio\dependencies\assimp\code\glTF2Exporter.h">
      <Filter>GLTF</Filter>
    </ClInclude>
    <ClInclude Include="D:\projects\Portfolio\dependencies\assimp\code\D3MFImporter.h">
      <Filter>3MF</Filter>
    </ClInclude>
    <ClInclude Include="D:\projects\Portfolio\dependencies\assimp\code\D3MFExporter.h">
      <Filter>3MF</Filter>
    </ClInclude>
    <ClInclude Include="D:\projects\Portfolio\dependencies\assimp\code\D3MFOpcPackage.h">
      <Filter>3MF</Filter>
    </ClInclude>
    <ClInclude Include="D:\projects\Portfolio\dependencies\assimp\code\3MFXmlTags.h">
      <Filter>3MF</Filter>
    </ClInclude>
    <ClInclude Include="D:\projects\Portfolio\dependencies\assimp\code\MMDCpp14.h">
      <Filter>MMD</Filter>
    </ClInclude>
    <ClInclude Include="D:\projects\Portfolio\dependencies\assimp\code\MMDImporter.h">
      <Filter>MMD</Filter>
    </ClInclude>
    <ClInclude Include="D:\projects\Portfolio\dependencies\assimp\code\MMDPmdParser.h">
      <Filter>MMD</Filter>
    </ClInclude>
    <ClInclude Include="D:\projects\Portfolio\dependencies\assimp\code\MMDPmxParser.h">
      <Filter>MMD</Filter>
    </ClInclude>
    <ClInclude Include="D:\projects\Portfolio\dependencies\assimp\code\MMDVmdParser.h">
      <Filter>MMD</Filter>
    </ClInclude>
    <ClInclude Include="D:\projects\Portfolio\dependencies\assimp\code\STEPFile.h">
      <Filter>STEP</Filter>
    </ClInclude>
    <ClInclude Include="D:\projects\Portfolio\dependencies\assimp\code\Importer\StepFile\StepFileImporter.h">
      <Filter>STEP</Filter>
    </ClInclude>
    <ClInclude Include="D:\projects\Portfolio\dependencies\assimp\code\Importer\StepFile\StepReaderGen.h">
      <Filter>STEP</Filter>
    </ClInclude>
    <ClInclude Include="D:\projects\Portfolio\dependencies\assimp\code\StepExporter.h">
      <Filter>STEP</Filter>
    </ClInclude>
    <ClInclude Include="D:\projects\Portfolio\dependencies\assimp\include\assimp\irrXMLWrapper.h">
      <Filter>IrrXML</Filter>
    </ClInclude>
    <ClInclude Include="D:\projects\Portfolio\dependencies\assimp\contrib\unzip\crypt.h">
      <Filter>unzip</Filter>
    </ClInclude>
    <ClInclude Include="D:\projects\Portfolio\dependencies\assimp\contrib\unzip\ioapi.h">
      <Filter>unzip</Filter>
    </ClInclude>
    <ClInclude Include="D:\projects\Portfolio\dependencies\assimp\contrib\unzip\unzip.h">
      <Filter>unzip</Filter>
    </ClInclude>
    <ClInclude Include="D:\projects\Portfolio\dependencies\assimp\contrib\poly2tri\poly2tri\common\shapes.h">
      <Filter>Poly2Tri</Filter>
    </ClInclude>
    <ClInclude Include="D:\projects\Portfolio\dependencies\assimp\contrib\poly2tri\poly2tri\common\utils.h">
      <Filter>Poly2Tri</Filter>
    </ClInclude>
    <ClInclude Include="D:\projects\Portfolio\dependencies\assimp\contrib\poly2tri\poly2tri\sweep\advancing_front.h">
      <Filter>Poly2Tri</Filter>
    </ClInclude>
    <ClInclude Include="D:\projects\Portfolio\dependencies\assimp\contrib\poly2tri\poly2tri\sweep\cdt.h">
      <Filter>Poly2Tri</Filter>
    </ClInclude>
    <ClInclude Include="D:\projects\Portfolio\dependencies\assimp\contrib\poly2tri\poly2tri\sweep\sweep.h">
      <Filter>Poly2Tri</Filter>
    </ClInclude>
    <ClInclude Include="D:\projects\Portfolio\dependencies\assimp\contrib\poly2tri\poly2tri\sweep\sweep_context.h">
      <Filter>Poly2Tri</Filter>
    </ClInclude>
    <ClInclude Include="D:\projects\Portfolio\dependencies\assimp\contrib\clipper\clipper.hpp">
      <Filter>Clipper</Filter>
    </ClInclude>
    <ClInclude Include="D:\projects\Portfolio\dependencies\assimp\contrib\openddlparser\include\openddlparser\OpenDDLParser.h">
      <Filter>openddl_parser</Filter>
    </ClInclude>
    <ClInclude Include="D:\projects\Portfolio\dependencies\assimp\contrib\openddlparser\include\openddlparser\OpenDDLParserUtils.h">
      <Filter>openddl_parser</Filter>
    </ClInclude>
    <ClInclude Include="D:\projects\Portfolio\dependencies\assimp\contrib\openddlparser\include\openddlparser\OpenDDLCommon.h">
      <Filter>openddl_parser</Filter>
    </ClInclude>
    <ClInclude Include="D:\projects\Portfolio\dependencies\assimp\contrib\openddlparser\include\openddlparser\OpenDDLExport.h">
      <Filter>openddl_parser</Filter>
    </ClInclude>
    <ClInclude Include="D:\projects\Portfolio\dependencies\assimp\contrib\openddlparser\include\openddlparser\OpenDDLStream.h">
      <Filter>openddl_parser</Filter>
    </ClInclude>
    <ClInclude Include="D:\projects\Portfolio\dependencies\assimp\contrib\openddlparser\include\openddlparser\DDLNode.h">
      <Filter>openddl_parser</Filter>
    </ClInclude>
    <ClInclude Include="D:\projects\Portfolio\dependencies\assimp\contrib\openddlparser\include\openddlparser\Value.h">
      <Filter>openddl_parser</Filter>
    </ClInclude>
    <ClInclude Include="D:\projects\Portfolio\dependencies\assimp\contrib\Open3DGC\o3dgcAdjacencyInfo.h">
      <Filter>open3dgc</Filter>
    </ClInclude>
    <ClInclude Include="D:\projects\Portfolio\dependencies\assimp\contrib\Open3DGC\o3dgcArithmeticCodec.h">
      <Filter>open3dgc</Filter>
    </ClInclude>
    <ClInclude Include="D:\projects\Portfolio\dependencies\assimp\contrib\Open3DGC\o3dgcBinaryStream.h">
      <Filter>open3dgc</Filter>
    </ClInclude>
    <ClInclude Include="D:\projects\Portfolio\dependencies\assimp\contrib\Open3DGC\o3dgcCommon.h">
      <Filter>open3dgc</Filter>
    </ClInclude>
    <ClInclude Include="D:\projects\Portfolio\dependencies\assimp\contrib\Open3DGC\o3dgcDVEncodeParams.h">
      <Filter>open3dgc</Filter>
    </ClInclude>
    <ClInclude Include="D:\projects\Portfolio\dependencies\assimp\contrib\Open3DGC\o3dgcDynamicVectorDecoder.h">
      <Filter>open3dgc</Filter>
    </ClInclude>
    <ClInclude Include="D:\projects\Portfolio\dependencies\assimp\contrib\Open3DGC\o3dgcDynamicVectorEncoder.h">
      <Filter>open3dgc</Filter>
    </ClInclude>
    <ClInclude Include="D:\projects\Portfolio\dependencies\assimp\contrib\Open3DGC\o3dgcDynamicVector.h">
      <Filter>open3dgc</Filter>
    </ClInclude>
    <ClInclude Include="D:\projects\Portfolio\dependencies\assimp\contrib\Open3DGC\o3dgcFIFO.h">
      <Filter>open3dgc</Filter>
    </ClInclude>
    <ClInclude Include="D:\projects\Portfolio\dependencies\assimp\contrib\Open3DGC\o3dgcIndexedFaceSet.h">
      <Filter>open3dgc</Filter>
    </ClInclude>
    <ClInclude Include="D:\projects\Portfolio\dependencies\assimp\contrib\Open3DGC\o3dgcIndexedFaceSet.inl">
      <Filter>open3dgc</Filter>
    </ClInclude>
    <ClInclude Include="D:\projects\Portfolio\dependencies\assimp\contrib\Open3DGC\o3dgcSC3DMCDecoder.h">
      <Filter>open3dgc</Filter>
    </ClInclude>
    <ClInclude Include="D:\projects\Portfolio\dependencies\assimp\contrib\Open3DGC\o3dgcSC3DMCDecoder.inl">
      <Filter>open3dgc</Filter>
    </ClInclude>
    <ClInclude Include="D:\projects\Portfolio\dependencies\assimp\contrib\Open3DGC\o3dgcSC3DMCEncodeParams.h">
      <Filter>open3dgc</Filter>
    </ClInclude>
    <ClInclude Include="D:\projects\Portfolio\dependencies\assimp\contrib\Open3DGC\o3dgcSC3DMCEncoder.h">
      <Filter>open3dgc</Filter>
    </ClInclude>
    <ClInclude Include="D:\projects\Portfolio\dependencies\assimp\contrib\Open3DGC\o3dgcSC3DMCEncoder.inl">
      <Filter>open3dgc</Filter>
    </ClInclude>
    <ClInclude Include="D:\projects\Portfolio\dependencies\assimp\contrib\Open3DGC\o3dgcTimer.h">
      <Filter>open3dgc</Filter>
    </ClInclude>
    <ClInclude Include="D:\projects\Portfolio\dependencies\assimp\contrib\Open3DGC\o3dgcTriangleFans.h">
      <Filter>open3dgc</Filter>
    </ClInclude>
    <ClInclude Include="D:\projects\Portfolio\dependencies\assimp\contrib\Open3DGC\o3dgcTriangleListDecoder.h">
      <Filter>open3dgc</Filter>
    </ClInclude>
    <ClInclude Include="D:\projects\Portfolio\dependencies\assimp\contrib\Open3DGC\o3dgcTriangleListDecoder.inl">
      <Filter>open3dgc</Filter>
    </ClInclude>
    <ClInclude Include="D:\projects\Portfolio\dependencies\assimp\contrib\Open3DGC\o3dgcTriangleListEncoder.h">
      <Filter>open3dgc</Filter>
    </ClInclude>
    <ClInclude Include="D:\projects\Portfolio\dependencies\assimp\contrib\Open3DGC\o3dgcTriangleListEncoder.inl">
      <Filter>open3dgc</Filter>
    </ClInclude>
    <ClInclude Include="D:\projects\Portfolio\dependencies\assimp\contrib\Open3DGC\o3dgcVector.h">
      <Filter>open3dgc</Filter>
    </ClInclude>
    <ClInclude Include="D:\projects\Portfolio\dependencies\assimp\contrib\Open3DGC\o3dgcVector.inl">
      <Filter>open3dgc</Filter>
    </ClInclude>
    <ClInclude Include="D:\projects\Portfolio\dependencies\assimp\contrib\zip\src\miniz.h">
      <Filter>ziplib</Filter>
    </ClInclude>
    <ClInclude Include="D:\projects\Portfolio\dependencies\assimp\contrib\zip\src\zip.h">
      <Filter>ziplib</Filter>
    </ClInclude>
    <ClInclude Include="D:\projects\Portfolio\dependencies\assimp\include\assimp\anim.h">
      <Filter>Header Files</Filter>
    </ClInclude>
    <ClInclude Include="D:\projects\Portfolio\dependencies\assimp\include\assimp\ai_assert.h">
      <Filter>Header Files</Filter>
    </ClInclude>
    <ClInclude Include="D:\projects\Portfolio\dependencies\assimp\include\assimp\camera.h">
      <Filter>Header Files</Filter>
    </ClInclude>
    <ClInclude Include="D:\projects\Portfolio\dependencies\assimp\include\assimp\color4.h">
      <Filter>Header Files</Filter>
    </ClInclude>
    <ClInclude Include="D:\projects\Portfolio\dependencies\assimp\include\assimp\color4.inl">
      <Filter>Header Files</Filter>
    </ClInclude>
    <ClInclude Include="D:\projects\Portfolio\dependencies\tinywindow\Example\dependencies\assimp\include\assimp\config.h">
      <Filter>Header Files</Filter>
    </ClInclude>
    <ClInclude Include="D:\projects\Portfolio\dependencies\assimp\include\assimp\defs.h">
      <Filter>Header Files</Filter>
    </ClInclude>
    <ClInclude Include="D:\projects\Portfolio\dependencies\assimp\include\assimp\Defines.h">
      <Filter>Header Files</Filter>
    </ClInclude>
    <ClInclude Include="D:\projects\Portfolio\dependencies\assimp\include\assimp\cfileio.h">
      <Filter>Header Files</Filter>
    </ClInclude>
    <ClInclude Include="D:\projects\Portfolio\dependencies\assimp\include\assimp\light.h">
      <Filter>Header Files</Filter>
    </ClInclude>
    <ClInclude Include="D:\projects\Portfolio\dependencies\assimp\include\assimp\material.h">
      <Filter>Header Files</Filter>
    </ClInclude>
    <ClInclude Include="D:\projects\Portfolio\dependencies\assimp\include\assimp\material.inl">
      <Filter>Header Files</Filter>
    </ClInclude>
    <ClInclude Include="D:\projects\Portfolio\dependencies\assimp\include\assimp\matrix3x3.h">
      <Filter>Header Files</Filter>
    </ClInclude>
    <ClInclude Include="D:\projects\Portfolio\dependencies\assimp\include\assimp\matrix3x3.inl">
      <Filter>Header Files</Filter>
    </ClInclude>
    <ClInclude Include="D:\projects\Portfolio\dependencies\assimp\include\assimp\matrix4x4.h">
      <Filter>Header Files</Filter>
    </ClInclude>
    <ClInclude Include="D:\projects\Portfolio\dependencies\assimp\include\assimp\matrix4x4.inl">
      <Filter>Header Files</Filter>
    </ClInclude>
    <ClInclude Include="D:\projects\Portfolio\dependencies\assimp\include\assimp\mesh.h">
      <Filter>Header Files</Filter>
    </ClInclude>
    <ClInclude Include="D:\projects\Portfolio\dependencies\assimp\include\assimp\pbrmaterial.h">
      <Filter>Header Files</Filter>
    </ClInclude>
    <ClInclude Include="D:\projects\Portfolio\dependencies\assimp\include\assimp\postprocess.h">
      <Filter>Header Files</Filter>
    </ClInclude>
    <ClInclude Include="D:\projects\Portfolio\dependencies\assimp\include\assimp\quaternion.h">
      <Filter>Header Files</Filter>
    </ClInclude>
    <ClInclude Include="D:\projects\Portfolio\dependencies\assimp\include\assimp\quaternion.inl">
      <Filter>Header Files</Filter>
    </ClInclude>
    <ClInclude Include="D:\projects\Portfolio\dependencies\assimp\include\assimp\scene.h">
      <Filter>Header Files</Filter>
    </ClInclude>
    <ClInclude Include="D:\projects\Portfolio\dependencies\assimp\include\assimp\metadata.h">
      <Filter>Header Files</Filter>
    </ClInclude>
    <ClInclude Include="D:\projects\Portfolio\dependencies\assimp\include\assimp\texture.h">
      <Filter>Header Files</Filter>
    </ClInclude>
    <ClInclude Include="D:\projects\Portfolio\dependencies\assimp\include\assimp\types.h">
      <Filter>Header Files</Filter>
    </ClInclude>
    <ClInclude Include="D:\projects\Portfolio\dependencies\assimp\include\assimp\vector2.h">
      <Filter>Header Files</Filter>
    </ClInclude>
    <ClInclude Include="D:\projects\Portfolio\dependencies\assimp\include\assimp\vector2.inl">
      <Filter>Header Files</Filter>
    </ClInclude>
    <ClInclude Include="D:\projects\Portfolio\dependencies\assimp\include\assimp\vector3.h">
      <Filter>Header Files</Filter>
    </ClInclude>
    <ClInclude Include="D:\projects\Portfolio\dependencies\assimp\include\assimp\vector3.inl">
      <Filter>Header Files</Filter>
    </ClInclude>
    <ClInclude Include="D:\projects\Portfolio\dependencies\assimp\include\assimp\version.h">
      <Filter>Header Files</Filter>
    </ClInclude>
    <ClInclude Include="D:\projects\Portfolio\dependencies\assimp\include\assimp\cimport.h">
      <Filter>Header Files</Filter>
    </ClInclude>
    <ClInclude Include="D:\projects\Portfolio\dependencies\assimp\include\assimp\importerdesc.h">
      <Filter>Header Files</Filter>
    </ClInclude>
    <ClInclude Include="D:\projects\Portfolio\dependencies\assimp\include\assimp\Importer.hpp">
      <Filter>Header Files</Filter>
    </ClInclude>
    <ClInclude Include="D:\projects\Portfolio\dependencies\assimp\include\assimp\ProgressHandler.hpp">
      <Filter>Header Files</Filter>
    </ClInclude>
    <ClInclude Include="D:\projects\Portfolio\dependencies\assimp\include\assimp\IOStream.hpp">
      <Filter>Header Files</Filter>
    </ClInclude>
    <ClInclude Include="D:\projects\Portfolio\dependencies\assimp\include\assimp\IOSystem.hpp">
      <Filter>Header Files</Filter>
    </ClInclude>
    <ClInclude Include="D:\projects\Portfolio\dependencies\assimp\include\assimp\cexport.h">
      <Filter>Header Files</Filter>
    </ClInclude>
    <ClInclude Include="D:\projects\Portfolio\dependencies\assimp\include\assimp\Exporter.hpp">
      <Filter>Header Files</Filter>
    </ClInclude>
    <ClInclude Include="D:\projects\Portfolio\dependencies\assimp\include\assimp\DefaultIOStream.h">
      <Filter>Header Files</Filter>
    </ClInclude>
    <ClInclude Include="D:\projects\Portfolio\dependencies\assimp\include\assimp\DefaultIOSystem.h">
      <Filter>Header Files</Filter>
    </ClInclude>
    <ClInclude Include="D:\projects\Portfolio\dependencies\assimp\include\assimp\SceneCombiner.h">
      <Filter>Header Files</Filter>
    </ClInclude>
    <ClInclude Include="D:\projects\Portfolio\dependencies\assimp\include\assimp\fast_atof.h">
      <Filter>Header Files</Filter>
    </ClInclude>
    <ClInclude Include="D:\projects\Portfolio\dependencies\assimp\include\assimp\qnan.h">
      <Filter>Header Files</Filter>
    </ClInclude>
    <ClInclude Include="D:\projects\Portfolio\dependencies\assimp\include\assimp\BaseImporter.h">
      <Filter>Header Files</Filter>
    </ClInclude>
    <ClInclude Include="D:\projects\Portfolio\dependencies\assimp\include\assimp\Hash.h">
      <Filter>Header Files</Filter>
    </ClInclude>
    <ClInclude Include="D:\projects\Portfolio\dependencies\assimp\include\assimp\MemoryIOWrapper.h">
      <Filter>Header Files</Filter>
    </ClInclude>
    <ClInclude Include="D:\projects\Portfolio\dependencies\assimp\include\assimp\ParsingUtils.h">
      <Filter>Header Files</Filter>
    </ClInclude>
    <ClInclude Include="D:\projects\Portfolio\dependencies\assimp\include\assimp\StreamReader.h">
      <Filter>Header Files</Filter>
    </ClInclude>
    <ClInclude Include="D:\projects\Portfolio\dependencies\assimp\include\assimp\StreamWriter.h">
      <Filter>Header Files</Filter>
    </ClInclude>
    <ClInclude Include="D:\projects\Portfolio\dependencies\assimp\include\assimp\StringComparison.h">
      <Filter>Header Files</Filter>
    </ClInclude>
    <ClInclude Include="D:\projects\Portfolio\dependencies\assimp\include\assimp\StringUtils.h">
      <Filter>Header Files</Filter>
    </ClInclude>
    <ClInclude Include="D:\projects\Portfolio\dependencies\assimp\include\assimp\SGSpatialSort.h">
      <Filter>Header Files</Filter>
    </ClInclude>
    <ClInclude Include="D:\projects\Portfolio\dependencies\assimp\include\assimp\GenericProperty.h">
      <Filter>Header Files</Filter>
    </ClInclude>
    <ClInclude Include="D:\projects\Portfolio\dependencies\assimp\include\assimp\SpatialSort.h">
      <Filter>Header Files</Filter>
    </ClInclude>
    <ClInclude Include="D:\projects\Portfolio\dependencies\assimp\include\assimp\SkeletonMeshBuilder.h">
      <Filter>Header Files</Filter>
    </ClInclude>
    <ClInclude Include="D:\projects\Portfolio\dependencies\assimp\include\assimp\SmoothingGroups.h">
      <Filter>Header Files</Filter>
    </ClInclude>
    <ClInclude Include="D:\projects\Portfolio\dependencies\assimp\include\assimp\SmoothingGroups.inl">
      <Filter>Header Files</Filter>
    </ClInclude>
    <ClInclude Include="D:\projects\Portfolio\dependencies\assimp\include\assimp\StandardShapes.h">
      <Filter>Header Files</Filter>
    </ClInclude>
    <ClInclude Include="D:\projects\Portfolio\dependencies\assimp\include\assimp\RemoveComments.h">
      <Filter>Header Files</Filter>
    </ClInclude>
    <ClInclude Include="D:\projects\Portfolio\dependencies\assimp\include\assimp\Subdivision.h">
      <Filter>Header Files</Filter>
    </ClInclude>
    <ClInclude Include="D:\projects\Portfolio\dependencies\assimp\include\assimp\Vertex.h">
      <Filter>Header Files</Filter>
    </ClInclude>
    <ClInclude Include="D:\projects\Portfolio\dependencies\assimp\include\assimp\LineSplitter.h">
      <Filter>Header Files</Filter>
    </ClInclude>
    <ClInclude Include="D:\projects\Portfolio\dependencies\assimp\include\assimp\TinyFormatter.h">
      <Filter>Header Files</Filter>
    </ClInclude>
    <ClInclude Include="D:\projects\Portfolio\dependencies\assimp\include\assimp\Profiler.h">
      <Filter>Header Files</Filter>
    </ClInclude>
    <ClInclude Include="D:\projects\Portfolio\dependencies\assimp\include\assimp\LogAux.h">
      <Filter>Header Files</Filter>
    </ClInclude>
    <ClInclude Include="D:\projects\Portfolio\dependencies\assimp\include\assimp\Bitmap.h">
      <Filter>Header Files</Filter>
    </ClInclude>
    <ClInclude Include="D:\projects\Portfolio\dependencies\assimp\include\assimp\XMLTools.h">
      <Filter>Header Files</Filter>
    </ClInclude>
    <ClInclude Include="D:\projects\Portfolio\dependencies\assimp\include\assimp\IOStreamBuffer.h">
      <Filter>Header Files</Filter>
    </ClInclude>
    <ClInclude Include="D:\projects\Portfolio\dependencies\assimp\include\assimp\CreateAnimMesh.h">
      <Filter>Header Files</Filter>
    </ClInclude>
    <ClInclude Include="D:\projects\Portfolio\dependencies\assimp\include\assimp\MathFunctions.h">
      <Filter>Header Files</Filter>
    </ClInclude>
    <ClInclude Include="D:\projects\Portfolio\dependencies\assimp\include\assimp\Macros.h">
      <Filter>Header Files</Filter>
    </ClInclude>
    <ClInclude Include="D:\projects\Portfolio\dependencies\assimp\include\assimp\Exceptional.h">
      <Filter>Header Files</Filter>
    </ClInclude>
    <ClInclude Include="D:\projects\Portfolio\dependencies\assimp\include\assimp\ByteSwapper.h">
      <Filter>Header Files</Filter>
    </ClInclude>
    <ClInclude Include="D:\projects\Portfolio\dependencies\assimp\include\assimp\Compiler\pushpack1.h">
      <Filter>Compiler</Filter>
    </ClInclude>
    <ClInclude Include="D:\projects\Portfolio\dependencies\assimp\include\assimp\Compiler\poppack1.h">
      <Filter>Compiler</Filter>
    </ClInclude>
    <ClInclude Include="D:\projects\Portfolio\dependencies\assimp\include\assimp\Compiler\pstdint.h">
      <Filter>Compiler</Filter>
    </ClInclude>
  </ItemGroup>
  <ItemGroup>
    <CustomBuild Include="D:\projects\Portfolio\dependencies\assimp\code\CMakeLists.txt" />
  </ItemGroup>
  <ItemGroup>
    <Filter Include="3D">
      <UniqueIdentifier>{3CCDE5B6-48E8-3668-992D-AAB6248DD540}</UniqueIdentifier>
    </Filter>
    <Filter Include="3DS">
      <UniqueIdentifier>{BF557270-14CD-37CD-A194-0FADEA264125}</UniqueIdentifier>
    </Filter>
    <Filter Include="3MF">
      <UniqueIdentifier>{EE0595CF-3DD3-348C-8AA2-E8F74B68C27A}</UniqueIdentifier>
    </Filter>
    <Filter Include="AC">
      <UniqueIdentifier>{12D95532-0D09-3266-9EB6-F8612E395439}</UniqueIdentifier>
    </Filter>
    <Filter Include="AMF">
      <UniqueIdentifier>{909ADD8A-6456-3B70-8315-872F886BBFF6}</UniqueIdentifier>
    </Filter>
    <Filter Include="ASE">
      <UniqueIdentifier>{94219EA3-1875-30FF-A8F5-A2FBA1A12ED0}</UniqueIdentifier>
    </Filter>
    <Filter Include="ASSBIN">
      <UniqueIdentifier>{D293BE9F-B51E-3295-8CFD-DDC3064A3749}</UniqueIdentifier>
    </Filter>
    <Filter Include="ASSXML">
      <UniqueIdentifier>{59EF4A4C-5452-3EAB-B9FC-2F897689346A}</UniqueIdentifier>
    </Filter>
    <Filter Include="B3D">
      <UniqueIdentifier>{2423230C-30FF-34D7-9054-0FE79F34F3F3}</UniqueIdentifier>
    </Filter>
    <Filter Include="BLEND">
      <UniqueIdentifier>{DB4E5913-E051-33AC-A752-4D850994DF75}</UniqueIdentifier>
    </Filter>
    <Filter Include="BVH">
      <UniqueIdentifier>{4A287382-878A-3441-8B1D-03C65E678BE2}</UniqueIdentifier>
    </Filter>
    <Filter Include="COB">
      <UniqueIdentifier>{3CF8F204-C805-33B1-87F0-EF444EF23739}</UniqueIdentifier>
    </Filter>
    <Filter Include="COLLADA">
      <UniqueIdentifier>{AF74B7D4-5B53-301F-B19C-E61585C9268D}</UniqueIdentifier>
    </Filter>
    <Filter Include="CSM">
      <UniqueIdentifier>{BC4104FA-3143-3FA0-9C5D-301E3479F161}</UniqueIdentifier>
    </Filter>
    <Filter Include="Clipper">
      <UniqueIdentifier>{B05E2016-6DF5-3E9C-8BA0-227F5C964DCE}</UniqueIdentifier>
    </Filter>
    <Filter Include="Common">
      <UniqueIdentifier>{3C6AB309-54A1-3384-8917-1B6BCAF8B3B5}</UniqueIdentifier>
    </Filter>
    <Filter Include="Compiler">
      <UniqueIdentifier>{9F51207D-97C9-3072-A3D7-B58F1358D892}</UniqueIdentifier>
    </Filter>
    <Filter Include="DXF">
      <UniqueIdentifier>{50C5F4AB-64B6-3492-AF0A-C99A2BAF181E}</UniqueIdentifier>
    </Filter>
    <Filter Include="Exporter">
      <UniqueIdentifier>{0CB18A7F-9207-38B8-A669-216011E3BB59}</UniqueIdentifier>
    </Filter>
    <Filter Include="FBX">
      <UniqueIdentifier>{3A32DB25-67F8-319D-95C5-2AEAB7E414EB}</UniqueIdentifier>
    </Filter>
    <Filter Include="GLTF">
      <UniqueIdentifier>{A3DB4BDE-67EE-3990-9CFC-A13BA681EF60}</UniqueIdentifier>
    </Filter>
    <Filter Include="HMP">
      <UniqueIdentifier>{7733EEC2-0033-39C3-87B0-21E952C5D17C}</UniqueIdentifier>
    </Filter>
    <Filter Include="Header Files">
      <UniqueIdentifier>{5894A84D-9EA5-3441-A54B-88E23F30920F}</UniqueIdentifier>
    </Filter>
    <Filter Include="IFC">
      <UniqueIdentifier>{177DB0ED-4EEF-3943-8384-593D22A529B8}</UniqueIdentifier>
    </Filter>
    <Filter Include="IRR">
      <UniqueIdentifier>{D86D58A8-E9BE-37D4-BD00-E61B4C3A8211}</UniqueIdentifier>
    </Filter>
    <Filter Include="IRRMESH">
      <UniqueIdentifier>{7C96AAD7-997F-38B0-AC19-DF5545E0CEEB}</UniqueIdentifier>
    </Filter>
    <Filter Include="IrrXML">
      <UniqueIdentifier>{A59C1637-F886-37B7-8B5F-996DD83FED79}</UniqueIdentifier>
    </Filter>
    <Filter Include="LWO">
      <UniqueIdentifier>{67D74D6C-B526-3AA4-A312-A9555D64AF84}</UniqueIdentifier>
    </Filter>
    <Filter Include="LWS">
      <UniqueIdentifier>{F1704E5C-C55A-36A3-9B48-48D1CCB65850}</UniqueIdentifier>
    </Filter>
    <Filter Include="Logging">
      <UniqueIdentifier>{039EBDC8-256C-3D6D-951A-CBFF03124D4D}</UniqueIdentifier>
    </Filter>
    <Filter Include="MD2">
      <UniqueIdentifier>{3C48462F-ED44-33D3-B137-9F7C2A0EBA21}</UniqueIdentifier>
    </Filter>
    <Filter Include="MD3">
      <UniqueIdentifier>{B4926DBE-5246-3E14-B9BB-E9BA1799956F}</UniqueIdentifier>
    </Filter>
    <Filter Include="MD5">
      <UniqueIdentifier>{107C1AFD-F240-3256-B728-BCA1E46A1D4C}</UniqueIdentifier>
    </Filter>
    <Filter Include="MDC">
      <UniqueIdentifier>{656EBCBB-DF92-3379-82D7-90FA529A2D30}</UniqueIdentifier>
    </Filter>
    <Filter Include="MDL">
      <UniqueIdentifier>{FCD2229E-80E7-38E7-A613-97EFCE47D6B9}</UniqueIdentifier>
    </Filter>
    <Filter Include="MMD">
      <UniqueIdentifier>{EA3338CD-4E47-305E-A682-43383D22EE82}</UniqueIdentifier>
    </Filter>
    <Filter Include="MS3D">
      <UniqueIdentifier>{80850806-10CB-3035-A86F-8859DCDA6634}</UniqueIdentifier>
    </Filter>
    <Filter Include="MaterialSystem">
      <UniqueIdentifier>{904BDE49-24D2-3BAF-AD3D-25E00A23C873}</UniqueIdentifier>
    </Filter>
    <Filter Include="NDO">
      <UniqueIdentifier>{818A29EA-124C-3BF7-8643-3148A7BB6848}</UniqueIdentifier>
    </Filter>
    <Filter Include="NFF">
      <UniqueIdentifier>{61BE4E33-7B99-32AF-8A0F-AAE2D9FC0AE5}</UniqueIdentifier>
    </Filter>
    <Filter Include="OBJ">
      <UniqueIdentifier>{B9053614-7C0B-32C0-B0BE-F2B4F1EA7DB5}</UniqueIdentifier>
    </Filter>
    <Filter Include="OFF">
      <UniqueIdentifier>{C5A78CE2-005E-35C9-9C3D-C3BB26462DE5}</UniqueIdentifier>
    </Filter>
    <Filter Include="OGRE">
      <UniqueIdentifier>{41EAF2B4-3A39-3681-AACB-38FD12EDB8F4}</UniqueIdentifier>
    </Filter>
    <Filter Include="OPENGEX">
      <UniqueIdentifier>{438D008A-6360-3380-AAE9-6EB10446E4E6}</UniqueIdentifier>
    </Filter>
    <Filter Include="PLY">
      <UniqueIdentifier>{E9C71EBB-92F1-3346-918A-937D7DE37E2F}</UniqueIdentifier>
    </Filter>
    <Filter Include="Poly2Tri">
      <UniqueIdentifier>{BC6905BC-9671-36F8-8250-1B4644F9D328}</UniqueIdentifier>
    </Filter>
    <Filter Include="PostProcessing">
      <UniqueIdentifier>{8CD8F522-D770-3767-99C2-56D608F3D004}</UniqueIdentifier>
    </Filter>
    <Filter Include="Q3BSP">
      <UniqueIdentifier>{79BE184F-9D31-330B-BFA1-8C48A3E31A86}</UniqueIdentifier>
    </Filter>
    <Filter Include="Q3D">
      <UniqueIdentifier>{814A4317-9CC7-3B6F-8207-6F886F330A84}</UniqueIdentifier>
    </Filter>
    <Filter Include="RAW">
      <UniqueIdentifier>{9C8F4EE7-BEF5-37D2-A5F4-75374772B4C9}</UniqueIdentifier>
    </Filter>
    <Filter Include="SIB">
      <UniqueIdentifier>{9C671B37-42D4-3979-91E2-58ED60D0EDDA}</UniqueIdentifier>
    </Filter>
    <Filter Include="SMD">
      <UniqueIdentifier>{DD969983-4035-343B-AF03-CEC369F2BED1}</UniqueIdentifier>
    </Filter>
    <Filter Include="STEP">
      <UniqueIdentifier>{08B3D284-4DFB-36BA-901D-93E7D24E5EE2}</UniqueIdentifier>
    </Filter>
    <Filter Include="STEPParser">
      <UniqueIdentifier>{EB8650A7-CAC0-31C9-97C0-EBCAA134FC8D}</UniqueIdentifier>
    </Filter>
    <Filter Include="STL">
      <UniqueIdentifier>{18281213-FB41-3D85-901A-8946BB17D293}</UniqueIdentifier>
    </Filter>
    <Filter Include="Source Files">
      <UniqueIdentifier>{61CA0A24-30B0-3EA9-9FAA-06B0ABB7C698}</UniqueIdentifier>
    </Filter>
    <Filter Include="TERRAGEN">
      <UniqueIdentifier>{88DEFE1F-E8C4-36B1-9F63-9A342536224E}</UniqueIdentifier>
    </Filter>
    <Filter Include="X">
      <UniqueIdentifier>{66BED3CD-A249-30C5-AE39-05F45E801D4E}</UniqueIdentifier>
    </Filter>
    <Filter Include="X3D">
      <UniqueIdentifier>{DDA19A06-0479-3DD8-993B-B0B0AAA0750E}</UniqueIdentifier>
    </Filter>
    <Filter Include="XGL">
      <UniqueIdentifier>{0FCF30B6-8E7C-35DE-8947-BC1CF20C328F}</UniqueIdentifier>
    </Filter>
    <Filter Include="open3dgc">
      <UniqueIdentifier>{4C0E1159-3641-394B-A665-C1607DDD7CBF}</UniqueIdentifier>
    </Filter>
    <Filter Include="openddl_parser">
      <UniqueIdentifier>{CA1A8E3F-EA1F-34A3-9BF7-535A6240B6B7}</UniqueIdentifier>
    </Filter>
    <Filter Include="unzip">
      <UniqueIdentifier>{338EBDF8-DEEF-3EA3-91E2-F01D494EF316}</UniqueIdentifier>
    </Filter>
    <Filter Include="ziplib">
      <UniqueIdentifier>{993D5371-C0AB-3E1A-AE5D-2C890787DCA9}</UniqueIdentifier>
    </Filter>
  </ItemGroup>
</Project>
