Microsoft Visual Studio Solution File, Format Version 12.00
# Visual Studio 15
Project("{8BC9CEB8-8B4A-11D0-8D11-00A0C91BC942}") = "ALL_BUILD", "ALL_BUILD.vcxproj", "{82F84AB4-EBED-384F-9DFC-1CF5784B8F8B}"
	ProjectSection(ProjectDependencies) = postProject
		{AC5B0EB3-E0E8-3179-97E4-D741F4819D5F} = {AC5B0EB3-E0E8-3179-97E4-D741F4819D5F}
		{65FC7B25-9EA8-336C-B210-3E9C2B521D00} = {65FC7B25-9EA8-336C-B210-3E9C2B521D00}
	EndProjectSection
EndProject
Project("{8BC9CEB8-8B4A-11D0-8D11-00A0C91BC942}") = "Example_TinyShaders", "Example_TinyShaders.vcxproj", "{AC5B0EB3-E0E8-3179-97E4-D741F4819D5F}"
	ProjectSection(ProjectDependencies) = postProject
		{65FC7B25-9EA8-336C-B210-3E9C2B521D00} = {65FC7B25-9EA8-336C-B210-3E9C2B521D00}
	EndProjectSection
EndProject
Project("{8BC9CEB8-8B4A-11D0-8D11-00A0C91BC942}") = "INSTALL", "INSTALL.vcxproj", "{59281B90-4BA6-32E2-8D54-647E63D2BB39}"
	ProjectSection(ProjectDependencies) = postProject
		{82F84AB4-EBED-384F-9DFC-1CF5784B8F8B} = {82F84AB4-EBED-384F-9DFC-1CF5784B8F8B}
		{65FC7B25-9EA8-336C-B210-3E9C2B521D00} = {65FC7B25-9EA8-336C-B210-3E9C2B521D00}
	EndProjectSection
EndProject
Project("{8BC9CEB8-8B4A-11D0-8D11-00A0C91BC942}") = "ZERO_CHECK", "..\..\..\\ZERO_CHECK.vcxproj", "{65FC7B25-9EA8-336C-B210-3E9C2B521D00}"
	ProjectSection(ProjectDependencies) = postProject
	EndProjectSection
EndProject
Global
	GlobalSection(SolutionConfigurationPlatforms) = preSolution
		Debug|x64 = Debug|x64
		Release|x64 = Release|x64
		MinSizeRel|x64 = MinSizeRel|x64
		RelWithDebInfo|x64 = RelWithDebInfo|x64
	EndGlobalSection
	GlobalSection(ProjectConfigurationPlatforms) = postSolution
		{82F84AB4-EBED-384F-9DFC-1CF5784B8F8B}.Debug|x64.ActiveCfg = Debug|x64
		{82F84AB4-EBED-384F-9DFC-1CF5784B8F8B}.Debug|x64.Build.0 = Debug|x64
		{82F84AB4-EBED-384F-9DFC-1CF5784B8F8B}.Release|x64.ActiveCfg = Release|x64
		{82F84AB4-EBED-384F-9DFC-1CF5784B8F8B}.Release|x64.Build.0 = Release|x64
		{82F84AB4-EBED-384F-9DFC-1CF5784B8F8B}.MinSizeRel|x64.ActiveCfg = MinSizeRel|x64
		{82F84AB4-EBED-384F-9DFC-1CF5784B8F8B}.MinSizeRel|x64.Build.0 = MinSizeRel|x64
		{82F84AB4-EBED-384F-9DFC-1CF5784B8F8B}.RelWithDebInfo|x64.ActiveCfg = RelWithDebInfo|x64
		{82F84AB4-EBED-384F-9DFC-1CF5784B8F8B}.RelWithDebInfo|x64.Build.0 = RelWithDebInfo|x64
		{AC5B0EB3-E0E8-3179-97E4-D741F4819D5F}.Debug|x64.ActiveCfg = Debug|x64
		{AC5B0EB3-E0E8-3179-97E4-D741F4819D5F}.Debug|x64.Build.0 = Debug|x64
		{AC5B0EB3-E0E8-3179-97E4-D741F4819D5F}.Release|x64.ActiveCfg = Release|x64
		{AC5B0EB3-E0E8-3179-97E4-D741F4819D5F}.Release|x64.Build.0 = Release|x64
		{AC5B0EB3-E0E8-3179-97E4-D741F4819D5F}.MinSizeRel|x64.ActiveCfg = MinSizeRel|x64
		{AC5B0EB3-E0E8-3179-97E4-D741F4819D5F}.MinSizeRel|x64.Build.0 = MinSizeRel|x64
		{AC5B0EB3-E0E8-3179-97E4-D741F4819D5F}.RelWithDebInfo|x64.ActiveCfg = RelWithDebInfo|x64
		{AC5B0EB3-E0E8-3179-97E4-D741F4819D5F}.RelWithDebInfo|x64.Build.0 = RelWithDebInfo|x64
		{59281B90-4BA6-32E2-8D54-647E63D2BB39}.Debug|x64.ActiveCfg = Debug|x64
		{59281B90-4BA6-32E2-8D54-647E63D2BB39}.Release|x64.ActiveCfg = Release|x64
		{59281B90-4BA6-32E2-8D54-647E63D2BB39}.MinSizeRel|x64.ActiveCfg = MinSizeRel|x64
		{59281B90-4BA6-32E2-8D54-647E63D2BB39}.RelWithDebInfo|x64.ActiveCfg = RelWithDebInfo|x64
		{65FC7B25-9EA8-336C-B210-3E9C2B521D00}.Debug|x64.ActiveCfg = Debug|x64
		{65FC7B25-9EA8-336C-B210-3E9C2B521D00}.Debug|x64.Build.0 = Debug|x64
		{65FC7B25-9EA8-336C-B210-3E9C2B521D00}.Release|x64.ActiveCfg = Release|x64
		{65FC7B25-9EA8-336C-B210-3E9C2B521D00}.Release|x64.Build.0 = Release|x64
		{65FC7B25-9EA8-336C-B210-3E9C2B521D00}.MinSizeRel|x64.ActiveCfg = MinSizeRel|x64
		{65FC7B25-9EA8-336C-B210-3E9C2B521D00}.MinSizeRel|x64.Build.0 = MinSizeRel|x64
		{65FC7B25-9EA8-336C-B210-3E9C2B521D00}.RelWithDebInfo|x64.ActiveCfg = RelWithDebInfo|x64
		{65FC7B25-9EA8-336C-B210-3E9C2B521D00}.RelWithDebInfo|x64.Build.0 = RelWithDebInfo|x64
	EndGlobalSection
	GlobalSection(ExtensibilityGlobals) = postSolution
		SolutionGuid = {4016448C-5397-33D9-ADF0-799B73DBA9C2}
	EndGlobalSection
	GlobalSection(ExtensibilityAddIns) = postSolution
	EndGlobalSection
EndGlobal
