<?xml version="1.0" encoding="utf-8"?>
<Project ToolsVersion="15.0" xmlns="http://schemas.microsoft.com/developer/msbuild/2003">
  <ItemGroup>
    <ClCompile Include="D:\projects\Portfolio\dependencies\assimp\contrib\gtest\src\gtest-all.cc">
      <Filter>Source Files</Filter>
    </ClCompile>
    <ClCompile Include="D:\projects\Portfolio\dependencies\assimp\test\unit\CCompilerTest.c">
      <Filter>UnitTests\Compiler</Filter>
    </ClCompile>
    <ClCompile Include="D:\projects\Portfolio\dependencies\assimp\test\unit\Main.cpp">
      <Filter>Source Files</Filter>
    </ClCompile>
    <ClCompile Include="D:\projects\Portfolio\dependencies\assimp\code\Version.cpp">
      <Filter>Source Files</Filter>
    </ClCompile>
    <ClCompile Include="D:\projects\Portfolio\dependencies\assimp\test\unit\utSimd.cpp">
      <Filter>UnitTests\Common</Filter>
    </ClCompile>
    <ClCompile Include="D:\projects\Portfolio\dependencies\assimp\test\unit\utIOSystem.cpp">
      <Filter>UnitTests\Common</Filter>
    </ClCompile>
    <ClCompile Include="D:\projects\Portfolio\dependencies\assimp\test\unit\utIOStreamBuffer.cpp">
      <Filter>UnitTests\Common</Filter>
    </ClCompile>
    <ClCompile Include="D:\projects\Portfolio\dependencies\assimp\test\unit\utIssues.cpp">
      <Filter>UnitTests\Common</Filter>
    </ClCompile>
    <ClCompile Include="D:\projects\Portfolio\dependencies\assimp\test\unit\utAnim.cpp">
      <Filter>UnitTests\Common</Filter>
    </ClCompile>
    <ClCompile Include="D:\projects\Portfolio\dependencies\assimp\test\unit\AssimpAPITest.cpp">
      <Filter>UnitTests\Common</Filter>
    </ClCompile>
    <ClCompile Include="D:\projects\Portfolio\dependencies\assimp\test\unit\utBatchLoader.cpp">
      <Filter>UnitTests\Common</Filter>
    </ClCompile>
    <ClCompile Include="D:\projects\Portfolio\dependencies\assimp\test\unit\utDefaultIOStream.cpp">
      <Filter>UnitTests\Common</Filter>
    </ClCompile>
    <ClCompile Include="D:\projects\Portfolio\dependencies\assimp\test\unit\utFastAtof.cpp">
      <Filter>UnitTests\Common</Filter>
    </ClCompile>
    <ClCompile Include="D:\projects\Portfolio\dependencies\assimp\test\unit\utMetadata.cpp">
      <Filter>UnitTests\Common</Filter>
    </ClCompile>
    <ClCompile Include="D:\projects\Portfolio\dependencies\assimp\test\unit\SceneDiffer.cpp">
      <Filter>UnitTests\Common</Filter>
    </ClCompile>
    <ClCompile Include="D:\projects\Portfolio\dependencies\assimp\test\unit\AbstractImportExportBase.cpp">
      <Filter>UnitTests\Common</Filter>
    </ClCompile>
    <ClCompile Include="D:\projects\Portfolio\dependencies\assimp\test\unit\utTypes.cpp">
      <Filter>UnitTests\Common</Filter>
    </ClCompile>
    <ClCompile Include="D:\projects\Portfolio\dependencies\assimp\test\unit\utVersion.cpp">
      <Filter>UnitTests\Common</Filter>
    </ClCompile>
    <ClCompile Include="D:\projects\Portfolio\dependencies\assimp\test\unit\utProfiler.cpp">
      <Filter>UnitTests\Common</Filter>
    </ClCompile>
    <ClCompile Include="D:\projects\Portfolio\dependencies\assimp\test\unit\utSharedPPData.cpp">
      <Filter>UnitTests\Common</Filter>
    </ClCompile>
    <ClCompile Include="D:\projects\Portfolio\dependencies\assimp\test\unit\utStringUtils.cpp">
      <Filter>UnitTests\Common</Filter>
    </ClCompile>
    <ClCompile Include="D:\projects\Portfolio\dependencies\assimp\test\unit\Common\utLineSplitter.cpp">
      <Filter>UnitTests\Common</Filter>
    </ClCompile>
    <ClCompile Include="D:\projects\Portfolio\dependencies\assimp\test\unit\utLWSImportExport.cpp">
      <Filter>UnitTests\Importers</Filter>
    </ClCompile>
    <ClCompile Include="D:\projects\Portfolio\dependencies\assimp\test\unit\utLWOImportExport.cpp">
      <Filter>UnitTests\Importers</Filter>
    </ClCompile>
    <ClCompile Include="D:\projects\Portfolio\dependencies\assimp\test\unit\utSMDImportExport.cpp">
      <Filter>UnitTests\Importers</Filter>
    </ClCompile>
    <ClCompile Include="D:\projects\Portfolio\dependencies\assimp\test\unit\utglTFImportExport.cpp">
      <Filter>UnitTests\Importers</Filter>
    </ClCompile>
    <ClCompile Include="D:\projects\Portfolio\dependencies\assimp\test\unit\utglTF2ImportExport.cpp">
      <Filter>UnitTests\Importers</Filter>
    </ClCompile>
    <ClCompile Include="D:\projects\Portfolio\dependencies\assimp\test\unit\utHMPImportExport.cpp">
      <Filter>UnitTests\Importers</Filter>
    </ClCompile>
    <ClCompile Include="D:\projects\Portfolio\dependencies\assimp\test\unit\utIFCImportExport.cpp">
      <Filter>UnitTests\Importers</Filter>
    </ClCompile>
    <ClCompile Include="D:\projects\Portfolio\dependencies\assimp\test\unit\utFBXImporterExporter.cpp">
      <Filter>UnitTests\Importers</Filter>
    </ClCompile>
    <ClCompile Include="D:\projects\Portfolio\dependencies\assimp\test\unit\utImporter.cpp">
      <Filter>UnitTests\Importers</Filter>
    </ClCompile>
    <ClCompile Include="D:\projects\Portfolio\dependencies\assimp\test\unit\ImportExport\utExporter.cpp">
      <Filter>UnitTests\Importers</Filter>
    </ClCompile>
    <ClCompile Include="D:\projects\Portfolio\dependencies\assimp\test\unit\ut3DImportExport.cpp">
      <Filter>UnitTests\Importers</Filter>
    </ClCompile>
    <ClCompile Include="D:\projects\Portfolio\dependencies\assimp\test\unit\ut3DSImportExport.cpp">
      <Filter>UnitTests\Importers</Filter>
    </ClCompile>
    <ClCompile Include="D:\projects\Portfolio\dependencies\assimp\test\unit\utACImportExport.cpp">
      <Filter>UnitTests\Importers</Filter>
    </ClCompile>
    <ClCompile Include="D:\projects\Portfolio\dependencies\assimp\test\unit\utAMFImportExport.cpp">
      <Filter>UnitTests\Importers</Filter>
    </ClCompile>
    <ClCompile Include="D:\projects\Portfolio\dependencies\assimp\test\unit\utASEImportExport.cpp">
      <Filter>UnitTests\Importers</Filter>
    </ClCompile>
    <ClCompile Include="D:\projects\Portfolio\dependencies\assimp\test\unit\utD3MFImportExport.cpp">
      <Filter>UnitTests\Importers</Filter>
    </ClCompile>
    <ClCompile Include="D:\projects\Portfolio\dependencies\assimp\test\unit\utQ3DImportExport.cpp">
      <Filter>UnitTests\Importers</Filter>
    </ClCompile>
    <ClCompile Include="D:\projects\Portfolio\dependencies\assimp\test\unit\utSTLImportExport.cpp">
      <Filter>UnitTests\Importers</Filter>
    </ClCompile>
    <ClCompile Include="D:\projects\Portfolio\dependencies\assimp\test\unit\utXImporterExporter.cpp">
      <Filter>UnitTests\Importers</Filter>
    </ClCompile>
    <ClCompile Include="D:\projects\Portfolio\dependencies\assimp\test\unit\utX3DImportExport.cpp">
      <Filter>UnitTests\Importers</Filter>
    </ClCompile>
    <ClCompile Include="D:\projects\Portfolio\dependencies\assimp\test\unit\utDXFImporterExporter.cpp">
      <Filter>UnitTests\Importers</Filter>
    </ClCompile>
    <ClCompile Include="D:\projects\Portfolio\dependencies\assimp\test\unit\utPMXImporter.cpp">
      <Filter>UnitTests\Importers</Filter>
    </ClCompile>
    <ClCompile Include="D:\projects\Portfolio\dependencies\assimp\test\unit\utPLYImportExport.cpp">
      <Filter>UnitTests\Importers</Filter>
    </ClCompile>
    <ClCompile Include="D:\projects\Portfolio\dependencies\assimp\test\unit\utObjImportExport.cpp">
      <Filter>UnitTests\Importers</Filter>
    </ClCompile>
    <ClCompile Include="D:\projects\Portfolio\dependencies\assimp\test\unit\utObjTools.cpp">
      <Filter>UnitTests\Importers</Filter>
    </ClCompile>
    <ClCompile Include="D:\projects\Portfolio\dependencies\assimp\test\unit\utOpenGEXImportExport.cpp">
      <Filter>UnitTests\Importers</Filter>
    </ClCompile>
    <ClCompile Include="D:\projects\Portfolio\dependencies\assimp\test\unit\utSIBImporter.cpp">
      <Filter>UnitTests\Importers</Filter>
    </ClCompile>
    <ClCompile Include="D:\projects\Portfolio\dependencies\assimp\test\unit\utBlenderIntermediate.cpp">
      <Filter>UnitTests\Importers</Filter>
    </ClCompile>
    <ClCompile Include="D:\projects\Portfolio\dependencies\assimp\test\unit\utBlendImportAreaLight.cpp">
      <Filter>UnitTests\Importers</Filter>
    </ClCompile>
    <ClCompile Include="D:\projects\Portfolio\dependencies\assimp\test\unit\utBlenderImportExport.cpp">
      <Filter>UnitTests\Importers</Filter>
    </ClCompile>
    <ClCompile Include="D:\projects\Portfolio\dependencies\assimp\test\unit\utBlendImportMaterials.cpp">
      <Filter>UnitTests\Importers</Filter>
    </ClCompile>
    <ClCompile Include="D:\projects\Portfolio\dependencies\assimp\test\unit\utBlenderWork.cpp">
      <Filter>UnitTests\Importers</Filter>
    </ClCompile>
    <ClCompile Include="D:\projects\Portfolio\dependencies\assimp\test\unit\utBVHImportExport.cpp">
      <Filter>UnitTests\Importers</Filter>
    </ClCompile>
    <ClCompile Include="D:\projects\Portfolio\dependencies\assimp\test\unit\utColladaExportCamera.cpp">
      <Filter>UnitTests\Importers</Filter>
    </ClCompile>
    <ClCompile Include="D:\projects\Portfolio\dependencies\assimp\test\unit\utColladaExportLight.cpp">
      <Filter>UnitTests\Importers</Filter>
    </ClCompile>
    <ClCompile Include="D:\projects\Portfolio\dependencies\assimp\test\unit\utColladaImportExport.cpp">
      <Filter>UnitTests\Importers</Filter>
    </ClCompile>
    <ClCompile Include="D:\projects\Portfolio\dependencies\assimp\test\unit\utCSMImportExport.cpp">
      <Filter>UnitTests\Importers</Filter>
    </ClCompile>
    <ClCompile Include="D:\projects\Portfolio\dependencies\assimp\test\unit\utB3DImportExport.cpp">
      <Filter>UnitTests\Importers</Filter>
    </ClCompile>
    <ClCompile Include="D:\projects\Portfolio\dependencies\assimp\test\unit\utMDCImportExport.cpp">
      <Filter>UnitTests\Importers</Filter>
    </ClCompile>
    <ClCompile Include="D:\projects\Portfolio\dependencies\assimp\test\unit\utAssbinImportExport.cpp">
      <Filter>UnitTests\Importers</Filter>
    </ClCompile>
    <ClCompile Include="D:\projects\Portfolio\dependencies\assimp\test\unit\ImportExport\utCOBImportExport.cpp">
      <Filter>UnitTests\Importers</Filter>
    </ClCompile>
    <ClCompile Include="D:\projects\Portfolio\dependencies\assimp\test\unit\ImportExport\utOgreImportExport.cpp">
      <Filter>UnitTests\Importers</Filter>
    </ClCompile>
    <ClCompile Include="D:\projects\Portfolio\dependencies\assimp\test\unit\ImportExport\utQ3BSPFileImportExport.cpp">
      <Filter>UnitTests\Importers</Filter>
    </ClCompile>
    <ClCompile Include="D:\projects\Portfolio\dependencies\assimp\test\unit\ImportExport\utOFFImportExport.cpp">
      <Filter>UnitTests\Importers</Filter>
    </ClCompile>
    <ClCompile Include="D:\projects\Portfolio\dependencies\assimp\test\unit\ImportExport\utNFFImportExport.cpp">
      <Filter>UnitTests\Importers</Filter>
    </ClCompile>
    <ClCompile Include="D:\projects\Portfolio\dependencies\assimp\test\unit\ImportExport\utXGLImportExport.cpp">
      <Filter>UnitTests\Importers</Filter>
    </ClCompile>
    <ClCompile Include="D:\projects\Portfolio\dependencies\assimp\test\unit\utMaterialSystem.cpp">
      <Filter>UnitTests\Material</Filter>
    </ClCompile>
    <ClCompile Include="D:\projects\Portfolio\dependencies\assimp\test\unit\utMatrix3x3.cpp">
      <Filter>UnitTests\Math</Filter>
    </ClCompile>
    <ClCompile Include="D:\projects\Portfolio\dependencies\assimp\test\unit\utMatrix4x4.cpp">
      <Filter>UnitTests\Math</Filter>
    </ClCompile>
    <ClCompile Include="D:\projects\Portfolio\dependencies\assimp\test\unit\utVector3.cpp">
      <Filter>UnitTests\Math</Filter>
    </ClCompile>
    <ClCompile Include="D:\projects\Portfolio\dependencies\assimp\test\unit\utImproveCacheLocality.cpp">
      <Filter>UnitTests\PostProcess</Filter>
    </ClCompile>
    <ClCompile Include="D:\projects\Portfolio\dependencies\assimp\test\unit\utFixInfacingNormals.cpp">
      <Filter>UnitTests\PostProcess</Filter>
    </ClCompile>
    <ClCompile Include="D:\projects\Portfolio\dependencies\assimp\test\unit\utGenNormals.cpp">
      <Filter>UnitTests\PostProcess</Filter>
    </ClCompile>
    <ClCompile Include="D:\projects\Portfolio\dependencies\assimp\test\unit\utTriangulate.cpp">
      <Filter>UnitTests\PostProcess</Filter>
    </ClCompile>
    <ClCompile Include="D:\projects\Portfolio\dependencies\assimp\test\unit\utTextureTransform.cpp">
      <Filter>UnitTests\PostProcess</Filter>
    </ClCompile>
    <ClCompile Include="D:\projects\Portfolio\dependencies\assimp\test\unit\utRemoveRedundantMaterials.cpp">
      <Filter>UnitTests\PostProcess</Filter>
    </ClCompile>
    <ClCompile Include="D:\projects\Portfolio\dependencies\assimp\test\unit\utRemoveVCProcess.cpp">
      <Filter>UnitTests\PostProcess</Filter>
    </ClCompile>
    <ClCompile Include="D:\projects\Portfolio\dependencies\assimp\test\unit\utScaleProcess.cpp">
      <Filter>UnitTests\PostProcess</Filter>
    </ClCompile>
    <ClCompile Include="D:\projects\Portfolio\dependencies\assimp\test\unit\utJoinVertices.cpp">
      <Filter>UnitTests\PostProcess</Filter>
    </ClCompile>
    <ClCompile Include="D:\projects\Portfolio\dependencies\assimp\test\unit\utRemoveComments.cpp">
      <Filter>UnitTests\PostProcess</Filter>
    </ClCompile>
    <ClCompile Include="D:\projects\Portfolio\dependencies\assimp\test\unit\utRemoveComponent.cpp">
      <Filter>UnitTests\PostProcess</Filter>
    </ClCompile>
    <ClCompile Include="D:\projects\Portfolio\dependencies\assimp\test\unit\utVertexTriangleAdjacency.cpp">
      <Filter>UnitTests\PostProcess</Filter>
    </ClCompile>
    <ClCompile Include="D:\projects\Portfolio\dependencies\assimp\test\unit\utSplitLargeMeshes.cpp">
      <Filter>UnitTests\PostProcess</Filter>
    </ClCompile>
    <ClCompile Include="D:\projects\Portfolio\dependencies\assimp\test\unit\utFindDegenerates.cpp">
      <Filter>UnitTests\PostProcess</Filter>
    </ClCompile>
    <ClCompile Include="D:\projects\Portfolio\dependencies\assimp\test\unit\utFindInvalidData.cpp">
      <Filter>UnitTests\PostProcess</Filter>
    </ClCompile>
    <ClCompile Include="D:\projects\Portfolio\dependencies\assimp\test\unit\utLimitBoneWeights.cpp">
      <Filter>UnitTests\PostProcess</Filter>
    </ClCompile>
    <ClCompile Include="D:\projects\Portfolio\dependencies\assimp\test\unit\utPretransformVertices.cpp">
      <Filter>UnitTests\PostProcess</Filter>
    </ClCompile>
    <ClCompile Include="D:\projects\Portfolio\dependencies\assimp\test\unit\utScenePreprocessor.cpp">
      <Filter>UnitTests\PostProcess</Filter>
    </ClCompile>
    <ClCompile Include="D:\projects\Portfolio\dependencies\assimp\test\unit\utTargetAnimation.cpp">
      <Filter>UnitTests\PostProcess</Filter>
    </ClCompile>
    <ClCompile Include="D:\projects\Portfolio\dependencies\assimp\test\unit\utSortByPType.cpp">
      <Filter>UnitTests\PostProcess</Filter>
    </ClCompile>
    <ClCompile Include="D:\projects\Portfolio\dependencies\assimp\test\unit\utSceneCombiner.cpp">
      <Filter>UnitTests\PostProcess</Filter>
    </ClCompile>
  </ItemGroup>
  <ItemGroup>
    <ClInclude Include="D:\projects\Portfolio\dependencies\assimp\test\unit\SceneDiffer.h">
      <Filter>UnitTests\Common</Filter>
    </ClInclude>
    <ClInclude Include="D:\projects\Portfolio\dependencies\assimp\test\unit\UTLogStream.h">
      <Filter>UnitTests\Common</Filter>
    </ClInclude>
    <ClInclude Include="D:\projects\Portfolio\dependencies\assimp\test\unit\TestIOSystem.h">
      <Filter>UnitTests\Common</Filter>
    </ClInclude>
    <ClInclude Include="D:\projects\Portfolio\dependencies\assimp\test\unit\TestModelFactory.h">
      <Filter>UnitTests\Common</Filter>
    </ClInclude>
  </ItemGroup>
  <ItemGroup>
    <CustomBuild Include="D:\projects\Portfolio\dependencies\assimp\test\CMakeLists.txt" />
  </ItemGroup>
  <ItemGroup>
    <Filter Include="Source Files">
      <UniqueIdentifier>{61CA0A24-30B0-3EA9-9FAA-06B0ABB7C698}</UniqueIdentifier>
    </Filter>
    <Filter Include="UnitTests">
      <UniqueIdentifier>{76CB9943-E2D3-3B6F-96DB-49BD900E3EF9}</UniqueIdentifier>
    </Filter>
    <Filter Include="UnitTests\Common">
      <UniqueIdentifier>{E9E430D5-7AD8-30C0-B8D4-7770D93AEA6F}</UniqueIdentifier>
    </Filter>
    <Filter Include="UnitTests\Compiler">
      <UniqueIdentifier>{EEB4F3EF-4A3A-32AF-A230-4ED6162144E4}</UniqueIdentifier>
    </Filter>
    <Filter Include="UnitTests\Importers">
      <UniqueIdentifier>{27312E27-891B-32F2-B0F2-6ACE2F060229}</UniqueIdentifier>
    </Filter>
    <Filter Include="UnitTests\Material">
      <UniqueIdentifier>{5E2C0C20-5818-3BC8-91B7-82FB0069A799}</UniqueIdentifier>
    </Filter>
    <Filter Include="UnitTests\Math">
      <UniqueIdentifier>{E265F2B9-B66E-3EC0-80BF-5F17C9F0BFE2}</UniqueIdentifier>
    </Filter>
    <Filter Include="UnitTests\PostProcess">
      <UniqueIdentifier>{B764E083-5325-3765-BC46-14EC96E53E19}</UniqueIdentifier>
    </Filter>
  </ItemGroup>
</Project>
