Microsoft Visual Studio Solution File, Format Version 12.00
# Visual Studio 15
Project("{8BC9CEB8-8B4A-11D0-8D11-00A0C91BC942}") = "ALL_BUILD", "ALL_BUILD.vcxproj", "{82F84AB4-EBED-384F-9DFC-1CF5784B8F8B}"
	ProjectSection(ProjectDependencies) = postProject
		{8A1F18B4-6B82-39DF-9EB0-53BC7C5C5172} = {8A1F18B4-6B82-39DF-9EB0-53BC7C5C5172}
		{65FC7B25-9EA8-336C-B210-3E9C2B521D00} = {65FC7B25-9EA8-336C-B210-3E9C2B521D00}
		{5A7BD803-275C-3D8A-A9BB-15D0C2B9A180} = {5A7BD803-275C-3D8A-A9BB-15D0C2B9A180}
		{5BFCDE4D-E8F4-31AB-B43C-720E2720638C} = {5BFCDE4D-E8F4-31AB-B43C-720E2720638C}
		{ABB541BD-AE2B-33B1-B85E-BC8FE9869F20} = {ABB541BD-AE2B-33B1-B85E-BC8FE9869F20}
		{FB55E564-D5C7-36D3-A4A7-B8E8D72C94EF} = {FB55E564-D5C7-36D3-A4A7-B8E8D72C94EF}
		{0903B5E6-FAA0-3CEC-9A14-1350A281BAF6} = {0903B5E6-FAA0-3CEC-9A14-1350A281BAF6}
	EndProjectSection
EndProject
Project("{8BC9CEB8-8B4A-11D0-8D11-00A0C91BC942}") = "INSTALL", "INSTALL.vcxproj", "{59281B90-4BA6-32E2-8D54-647E63D2BB39}"
	ProjectSection(ProjectDependencies) = postProject
		{82F84AB4-EBED-384F-9DFC-1CF5784B8F8B} = {82F84AB4-EBED-384F-9DFC-1CF5784B8F8B}
		{65FC7B25-9EA8-336C-B210-3E9C2B521D00} = {65FC7B25-9EA8-336C-B210-3E9C2B521D00}
	EndProjectSection
EndProject
Project("{8BC9CEB8-8B4A-11D0-8D11-00A0C91BC942}") = "IrrXML", "contrib\irrXML\IrrXML.vcxproj", "{8A1F18B4-6B82-39DF-9EB0-53BC7C5C5172}"
	ProjectSection(ProjectDependencies) = postProject
		{65FC7B25-9EA8-336C-B210-3E9C2B521D00} = {65FC7B25-9EA8-336C-B210-3E9C2B521D00}
	EndProjectSection
EndProject
Project("{8BC9CEB8-8B4A-11D0-8D11-00A0C91BC942}") = "UpdateAssimpLibsDebugSymbolsAndDLLs", "UpdateAssimpLibsDebugSymbolsAndDLLs.vcxproj", "{360EC451-52BB-358E-B4CA-062A3144563C}"
	ProjectSection(ProjectDependencies) = postProject
		{65FC7B25-9EA8-336C-B210-3E9C2B521D00} = {65FC7B25-9EA8-336C-B210-3E9C2B521D00}
	EndProjectSection
EndProject
Project("{8BC9CEB8-8B4A-11D0-8D11-00A0C91BC942}") = "ZERO_CHECK", "..\..\\ZERO_CHECK.vcxproj", "{65FC7B25-9EA8-336C-B210-3E9C2B521D00}"
	ProjectSection(ProjectDependencies) = postProject
	EndProjectSection
EndProject
Project("{8BC9CEB8-8B4A-11D0-8D11-00A0C91BC942}") = "assimp", "code\assimp.vcxproj", "{5A7BD803-275C-3D8A-A9BB-15D0C2B9A180}"
	ProjectSection(ProjectDependencies) = postProject
		{8A1F18B4-6B82-39DF-9EB0-53BC7C5C5172} = {8A1F18B4-6B82-39DF-9EB0-53BC7C5C5172}
		{65FC7B25-9EA8-336C-B210-3E9C2B521D00} = {65FC7B25-9EA8-336C-B210-3E9C2B521D00}
		{0903B5E6-FAA0-3CEC-9A14-1350A281BAF6} = {0903B5E6-FAA0-3CEC-9A14-1350A281BAF6}
	EndProjectSection
EndProject
Project("{8BC9CEB8-8B4A-11D0-8D11-00A0C91BC942}") = "assimp_cmd", "tools\assimp_cmd\assimp_cmd.vcxproj", "{5BFCDE4D-E8F4-31AB-B43C-720E2720638C}"
	ProjectSection(ProjectDependencies) = postProject
		{8A1F18B4-6B82-39DF-9EB0-53BC7C5C5172} = {8A1F18B4-6B82-39DF-9EB0-53BC7C5C5172}
		{65FC7B25-9EA8-336C-B210-3E9C2B521D00} = {65FC7B25-9EA8-336C-B210-3E9C2B521D00}
		{5A7BD803-275C-3D8A-A9BB-15D0C2B9A180} = {5A7BD803-275C-3D8A-A9BB-15D0C2B9A180}
		{0903B5E6-FAA0-3CEC-9A14-1350A281BAF6} = {0903B5E6-FAA0-3CEC-9A14-1350A281BAF6}
	EndProjectSection
EndProject
Project("{8BC9CEB8-8B4A-11D0-8D11-00A0C91BC942}") = "uninstall", "uninstall.vcxproj", "{87B1F461-DFDF-39FC-B835-4BD832FF859F}"
	ProjectSection(ProjectDependencies) = postProject
		{65FC7B25-9EA8-336C-B210-3E9C2B521D00} = {65FC7B25-9EA8-336C-B210-3E9C2B521D00}
	EndProjectSection
EndProject
Project("{8BC9CEB8-8B4A-11D0-8D11-00A0C91BC942}") = "unit", "test\unit.vcxproj", "{ABB541BD-AE2B-33B1-B85E-BC8FE9869F20}"
	ProjectSection(ProjectDependencies) = postProject
		{8A1F18B4-6B82-39DF-9EB0-53BC7C5C5172} = {8A1F18B4-6B82-39DF-9EB0-53BC7C5C5172}
		{65FC7B25-9EA8-336C-B210-3E9C2B521D00} = {65FC7B25-9EA8-336C-B210-3E9C2B521D00}
		{5A7BD803-275C-3D8A-A9BB-15D0C2B9A180} = {5A7BD803-275C-3D8A-A9BB-15D0C2B9A180}
		{0903B5E6-FAA0-3CEC-9A14-1350A281BAF6} = {0903B5E6-FAA0-3CEC-9A14-1350A281BAF6}
	EndProjectSection
EndProject
Project("{8BC9CEB8-8B4A-11D0-8D11-00A0C91BC942}") = "zlib", "contrib\zlib\zlib.vcxproj", "{FB55E564-D5C7-36D3-A4A7-B8E8D72C94EF}"
	ProjectSection(ProjectDependencies) = postProject
		{65FC7B25-9EA8-336C-B210-3E9C2B521D00} = {65FC7B25-9EA8-336C-B210-3E9C2B521D00}
	EndProjectSection
EndProject
Project("{8BC9CEB8-8B4A-11D0-8D11-00A0C91BC942}") = "zlibstatic", "contrib\zlib\zlibstatic.vcxproj", "{0903B5E6-FAA0-3CEC-9A14-1350A281BAF6}"
	ProjectSection(ProjectDependencies) = postProject
		{65FC7B25-9EA8-336C-B210-3E9C2B521D00} = {65FC7B25-9EA8-336C-B210-3E9C2B521D00}
	EndProjectSection
EndProject
Global
	GlobalSection(SolutionConfigurationPlatforms) = preSolution
		Debug|x64 = Debug|x64
		Release|x64 = Release|x64
		MinSizeRel|x64 = MinSizeRel|x64
		RelWithDebInfo|x64 = RelWithDebInfo|x64
	EndGlobalSection
	GlobalSection(ProjectConfigurationPlatforms) = postSolution
		{82F84AB4-EBED-384F-9DFC-1CF5784B8F8B}.Debug|x64.ActiveCfg = Debug|x64
		{82F84AB4-EBED-384F-9DFC-1CF5784B8F8B}.Debug|x64.Build.0 = Debug|x64
		{82F84AB4-EBED-384F-9DFC-1CF5784B8F8B}.Release|x64.ActiveCfg = Release|x64
		{82F84AB4-EBED-384F-9DFC-1CF5784B8F8B}.Release|x64.Build.0 = Release|x64
		{82F84AB4-EBED-384F-9DFC-1CF5784B8F8B}.MinSizeRel|x64.ActiveCfg = MinSizeRel|x64
		{82F84AB4-EBED-384F-9DFC-1CF5784B8F8B}.MinSizeRel|x64.Build.0 = MinSizeRel|x64
		{82F84AB4-EBED-384F-9DFC-1CF5784B8F8B}.RelWithDebInfo|x64.ActiveCfg = RelWithDebInfo|x64
		{82F84AB4-EBED-384F-9DFC-1CF5784B8F8B}.RelWithDebInfo|x64.Build.0 = RelWithDebInfo|x64
		{59281B90-4BA6-32E2-8D54-647E63D2BB39}.Debug|x64.ActiveCfg = Debug|x64
		{59281B90-4BA6-32E2-8D54-647E63D2BB39}.Release|x64.ActiveCfg = Release|x64
		{59281B90-4BA6-32E2-8D54-647E63D2BB39}.MinSizeRel|x64.ActiveCfg = MinSizeRel|x64
		{59281B90-4BA6-32E2-8D54-647E63D2BB39}.RelWithDebInfo|x64.ActiveCfg = RelWithDebInfo|x64
		{8A1F18B4-6B82-39DF-9EB0-53BC7C5C5172}.Debug|x64.ActiveCfg = Debug|x64
		{8A1F18B4-6B82-39DF-9EB0-53BC7C5C5172}.Debug|x64.Build.0 = Debug|x64
		{8A1F18B4-6B82-39DF-9EB0-53BC7C5C5172}.Release|x64.ActiveCfg = Release|x64
		{8A1F18B4-6B82-39DF-9EB0-53BC7C5C5172}.Release|x64.Build.0 = Release|x64
		{8A1F18B4-6B82-39DF-9EB0-53BC7C5C5172}.MinSizeRel|x64.ActiveCfg = MinSizeRel|x64
		{8A1F18B4-6B82-39DF-9EB0-53BC7C5C5172}.MinSizeRel|x64.Build.0 = MinSizeRel|x64
		{8A1F18B4-6B82-39DF-9EB0-53BC7C5C5172}.RelWithDebInfo|x64.ActiveCfg = RelWithDebInfo|x64
		{8A1F18B4-6B82-39DF-9EB0-53BC7C5C5172}.RelWithDebInfo|x64.Build.0 = RelWithDebInfo|x64
		{360EC451-52BB-358E-B4CA-062A3144563C}.Debug|x64.ActiveCfg = Debug|x64
		{360EC451-52BB-358E-B4CA-062A3144563C}.Release|x64.ActiveCfg = Release|x64
		{360EC451-52BB-358E-B4CA-062A3144563C}.MinSizeRel|x64.ActiveCfg = MinSizeRel|x64
		{360EC451-52BB-358E-B4CA-062A3144563C}.RelWithDebInfo|x64.ActiveCfg = RelWithDebInfo|x64
		{65FC7B25-9EA8-336C-B210-3E9C2B521D00}.Debug|x64.ActiveCfg = Debug|x64
		{65FC7B25-9EA8-336C-B210-3E9C2B521D00}.Debug|x64.Build.0 = Debug|x64
		{65FC7B25-9EA8-336C-B210-3E9C2B521D00}.Release|x64.ActiveCfg = Release|x64
		{65FC7B25-9EA8-336C-B210-3E9C2B521D00}.Release|x64.Build.0 = Release|x64
		{65FC7B25-9EA8-336C-B210-3E9C2B521D00}.MinSizeRel|x64.ActiveCfg = MinSizeRel|x64
		{65FC7B25-9EA8-336C-B210-3E9C2B521D00}.MinSizeRel|x64.Build.0 = MinSizeRel|x64
		{65FC7B25-9EA8-336C-B210-3E9C2B521D00}.RelWithDebInfo|x64.ActiveCfg = RelWithDebInfo|x64
		{65FC7B25-9EA8-336C-B210-3E9C2B521D00}.RelWithDebInfo|x64.Build.0 = RelWithDebInfo|x64
		{5A7BD803-275C-3D8A-A9BB-15D0C2B9A180}.Debug|x64.ActiveCfg = Debug|x64
		{5A7BD803-275C-3D8A-A9BB-15D0C2B9A180}.Debug|x64.Build.0 = Debug|x64
		{5A7BD803-275C-3D8A-A9BB-15D0C2B9A180}.Release|x64.ActiveCfg = Release|x64
		{5A7BD803-275C-3D8A-A9BB-15D0C2B9A180}.Release|x64.Build.0 = Release|x64
		{5A7BD803-275C-3D8A-A9BB-15D0C2B9A180}.MinSizeRel|x64.ActiveCfg = MinSizeRel|x64
		{5A7BD803-275C-3D8A-A9BB-15D0C2B9A180}.MinSizeRel|x64.Build.0 = MinSizeRel|x64
		{5A7BD803-275C-3D8A-A9BB-15D0C2B9A180}.RelWithDebInfo|x64.ActiveCfg = RelWithDebInfo|x64
		{5A7BD803-275C-3D8A-A9BB-15D0C2B9A180}.RelWithDebInfo|x64.Build.0 = RelWithDebInfo|x64
		{5BFCDE4D-E8F4-31AB-B43C-720E2720638C}.Debug|x64.ActiveCfg = Debug|x64
		{5BFCDE4D-E8F4-31AB-B43C-720E2720638C}.Debug|x64.Build.0 = Debug|x64
		{5BFCDE4D-E8F4-31AB-B43C-720E2720638C}.Release|x64.ActiveCfg = Release|x64
		{5BFCDE4D-E8F4-31AB-B43C-720E2720638C}.Release|x64.Build.0 = Release|x64
		{5BFCDE4D-E8F4-31AB-B43C-720E2720638C}.MinSizeRel|x64.ActiveCfg = MinSizeRel|x64
		{5BFCDE4D-E8F4-31AB-B43C-720E2720638C}.MinSizeRel|x64.Build.0 = MinSizeRel|x64
		{5BFCDE4D-E8F4-31AB-B43C-720E2720638C}.RelWithDebInfo|x64.ActiveCfg = RelWithDebInfo|x64
		{5BFCDE4D-E8F4-31AB-B43C-720E2720638C}.RelWithDebInfo|x64.Build.0 = RelWithDebInfo|x64
		{87B1F461-DFDF-39FC-B835-4BD832FF859F}.Debug|x64.ActiveCfg = Debug|x64
		{87B1F461-DFDF-39FC-B835-4BD832FF859F}.Release|x64.ActiveCfg = Release|x64
		{87B1F461-DFDF-39FC-B835-4BD832FF859F}.MinSizeRel|x64.ActiveCfg = MinSizeRel|x64
		{87B1F461-DFDF-39FC-B835-4BD832FF859F}.RelWithDebInfo|x64.ActiveCfg = RelWithDebInfo|x64
		{ABB541BD-AE2B-33B1-B85E-BC8FE9869F20}.Debug|x64.ActiveCfg = Debug|x64
		{ABB541BD-AE2B-33B1-B85E-BC8FE9869F20}.Debug|x64.Build.0 = Debug|x64
		{ABB541BD-AE2B-33B1-B85E-BC8FE9869F20}.Release|x64.ActiveCfg = Release|x64
		{ABB541BD-AE2B-33B1-B85E-BC8FE9869F20}.Release|x64.Build.0 = Release|x64
		{ABB541BD-AE2B-33B1-B85E-BC8FE9869F20}.MinSizeRel|x64.ActiveCfg = MinSizeRel|x64
		{ABB541BD-AE2B-33B1-B85E-BC8FE9869F20}.MinSizeRel|x64.Build.0 = MinSizeRel|x64
		{ABB541BD-AE2B-33B1-B85E-BC8FE9869F20}.RelWithDebInfo|x64.ActiveCfg = RelWithDebInfo|x64
		{ABB541BD-AE2B-33B1-B85E-BC8FE9869F20}.RelWithDebInfo|x64.Build.0 = RelWithDebInfo|x64
		{FB55E564-D5C7-36D3-A4A7-B8E8D72C94EF}.Debug|x64.ActiveCfg = Debug|x64
		{FB55E564-D5C7-36D3-A4A7-B8E8D72C94EF}.Debug|x64.Build.0 = Debug|x64
		{FB55E564-D5C7-36D3-A4A7-B8E8D72C94EF}.Release|x64.ActiveCfg = Release|x64
		{FB55E564-D5C7-36D3-A4A7-B8E8D72C94EF}.Release|x64.Build.0 = Release|x64
		{FB55E564-D5C7-36D3-A4A7-B8E8D72C94EF}.MinSizeRel|x64.ActiveCfg = MinSizeRel|x64
		{FB55E564-D5C7-36D3-A4A7-B8E8D72C94EF}.MinSizeRel|x64.Build.0 = MinSizeRel|x64
		{FB55E564-D5C7-36D3-A4A7-B8E8D72C94EF}.RelWithDebInfo|x64.ActiveCfg = RelWithDebInfo|x64
		{FB55E564-D5C7-36D3-A4A7-B8E8D72C94EF}.RelWithDebInfo|x64.Build.0 = RelWithDebInfo|x64
		{0903B5E6-FAA0-3CEC-9A14-1350A281BAF6}.Debug|x64.ActiveCfg = Debug|x64
		{0903B5E6-FAA0-3CEC-9A14-1350A281BAF6}.Debug|x64.Build.0 = Debug|x64
		{0903B5E6-FAA0-3CEC-9A14-1350A281BAF6}.Release|x64.ActiveCfg = Release|x64
		{0903B5E6-FAA0-3CEC-9A14-1350A281BAF6}.Release|x64.Build.0 = Release|x64
		{0903B5E6-FAA0-3CEC-9A14-1350A281BAF6}.MinSizeRel|x64.ActiveCfg = MinSizeRel|x64
		{0903B5E6-FAA0-3CEC-9A14-1350A281BAF6}.MinSizeRel|x64.Build.0 = MinSizeRel|x64
		{0903B5E6-FAA0-3CEC-9A14-1350A281BAF6}.RelWithDebInfo|x64.ActiveCfg = RelWithDebInfo|x64
		{0903B5E6-FAA0-3CEC-9A14-1350A281BAF6}.RelWithDebInfo|x64.Build.0 = RelWithDebInfo|x64
	EndGlobalSection
	GlobalSection(ExtensibilityGlobals) = postSolution
		SolutionGuid = {87749C43-1AD2-3F32-A97E-0231860FE5A6}
	EndGlobalSection
	GlobalSection(ExtensibilityAddIns) = postSolution
	EndGlobalSection
EndGlobal
