<?xml version="1.0" encoding="utf-8"?>
<Project ToolsVersion="15.0" xmlns="http://schemas.microsoft.com/developer/msbuild/2003">
  <ItemGroup>
    <CustomBuild Include="D:\projects\Portfolio\dependencies\tinywindow\Example\CMakeFiles\7e630ef41894a4081d272a85ca08d50b\uninstall.rule">
      <Filter>CMake Rules</Filter>
    </CustomBuild>
    <CustomBuild Include="D:\projects\Portfolio\dependencies\assimp\CMakeLists.txt" />
  </ItemGroup>
  <ItemGroup>
    <None Include="D:\projects\Portfolio\dependencies\tinywindow\Example\dependencies\assimp\CMakeFiles\uninstall" />
  </ItemGroup>
  <ItemGroup>
    <Filter Include="CMake Rules">
      <UniqueIdentifier>{F5EA7634-923A-3EA1-A60F-71E6D6B9C7AF}</UniqueIdentifier>
    </Filter>
  </ItemGroup>
</Project>
