<?xml version="1.0" encoding="utf-8"?>
<Project ToolsVersion="15.0" xmlns="http://schemas.microsoft.com/developer/msbuild/2003">
  <ItemGroup>
    <ClCompile Include="D:\projects\Portfolio\dependencies\tinywindow\Example\Example.cpp">
      <Filter>Source Files</Filter>
    </ClCompile>
  </ItemGroup>
  <ItemGroup>
    <ClInclude Include="D:\projects\Portfolio\dependencies\tinywindow\Include\TinyWindow.h">
      <Filter>Header Files</Filter>
    </ClInclude>
  </ItemGroup>
  <ItemGroup>
    <CustomBuild Include="D:\projects\Portfolio\dependencies\tinywindow\Example\CMakeLists.txt" />
  </ItemGroup>
  <ItemGroup>
    <Filter Include="Header Files">
      <UniqueIdentifier>{5894A84D-9EA5-3441-A54B-88E23F30920F}</UniqueIdentifier>
    </Filter>
    <Filter Include="Source Files">
      <UniqueIdentifier>{61CA0A24-30B0-3EA9-9FAA-06B0ABB7C698}</UniqueIdentifier>
    </Filter>
  </ItemGroup>
</Project>
